// !$*UTF8*$!
{
	archiveVersion = 1;
	classes = {
	};
	objectVersion = 51;
	objects = {

/* Begin PBXBuildFile section */
		20790888CE0BC9B828AE4FC4 /* Pods_Adem_AdemUITests.framework in Frameworks */ = {isa = PBXBuildFile; fileRef = 79FB9C79428095200E342D2F /* Pods_Adem_AdemUITests.framework */; };
		351B8DF52342F10A006CEAE1 /* imageText.swift in Sources */ = {isa = PBXBuildFile; fileRef = 351B8DF42342F10A006CEAE1 /* imageText.swift */; };
		351B8DF72343C215006CEAE1 /* ListTVC.swift in Sources */ = {isa = PBXBuildFile; fileRef = 351B8DF62343C215006CEAE1 /* ListTVC.swift */; };
		3527A0EF248720D000956349 /* pantry.swift in Sources */ = {isa = PBXBuildFile; fileRef = 3527A0EE248720D000956349 /* pantry.swift */; };
		353C12382301D0E3007DF3BB /* mealsCellLayout.swift in Sources */ = {isa = PBXBuildFile; fileRef = 353C12372301D0E3007DF3BB /* mealsCellLayout.swift */; };
		3540826C23E25DBD00137476 /* signUpCell.swift in Sources */ = {isa = PBXBuildFile; fileRef = 3540826B23E25DBD00137476 /* signUpCell.swift */; };
		3540826E23E3D5DE00137476 /* signUpInfoPages.swift in Sources */ = {isa = PBXBuildFile; fileRef = 3540826D23E3D5DE00137476 /* signUpInfoPages.swift */; };
		3540827023E3D60700137476 /* preferencesPages.swift in Sources */ = {isa = PBXBuildFile; fileRef = 3540826F23E3D60700137476 /* preferencesPages.swift */; };
		3542B92F24927F9200E259EE /* gesture.swift in Sources */ = {isa = PBXBuildFile; fileRef = 3542B92E24927F9200E259EE /* gesture.swift */; };
		3542B9312499A12C00E259EE /* filterVC.swift in Sources */ = {isa = PBXBuildFile; fileRef = 3542B9302499A12C00E259EE /* filterVC.swift */; };
		3542B93324A5375A00E259EE /* searchTVC.swift in Sources */ = {isa = PBXBuildFile; fileRef = 3542B93224A5375A00E259EE /* searchTVC.swift */; };
		3542B93624B41ED800E259EE /* listSearchResults.swift in Sources */ = {isa = PBXBuildFile; fileRef = 3542B93524B41ED800E259EE /* listSearchResults.swift */; };
		354E944223DCBF81003F2B1F /* accountCreationViews.swift in Sources */ = {isa = PBXBuildFile; fileRef = 354E944123DCBF81003F2B1F /* accountCreationViews.swift */; };
		354E944623DCEE30003F2B1F /* customPreferences.swift in Sources */ = {isa = PBXBuildFile; fileRef = 354E944523DCEE30003F2B1F /* customPreferences.swift */; };
		35669ACE24043A3A00C95DFB /* nutritionLabel.swift in Sources */ = {isa = PBXBuildFile; fileRef = 35669ACD24043A3A00C95DFB /* nutritionLabel.swift */; };
		35669AD124074C9800C95DFB /* mealVCLayout.swift in Sources */ = {isa = PBXBuildFile; fileRef = 35669AD024074C9800C95DFB /* mealVCLayout.swift */; };
		35669AD3240753CE00C95DFB /* mealsTopview.swift in Sources */ = {isa = PBXBuildFile; fileRef = 35669AD2240753CE00C95DFB /* mealsTopview.swift */; };
		35669AD524083C6900C95DFB /* meals save.swift in Sources */ = {isa = PBXBuildFile; fileRef = 35669AD424083C6900C95DFB /* meals save.swift */; };
		35669ADB2408B78E00C95DFB /* accountStatsCells.swift in Sources */ = {isa = PBXBuildFile; fileRef = 35669ADA2408B78E00C95DFB /* accountStatsCells.swift */; };
		35669ADD2408BD9F00C95DFB /* listProductView.swift in Sources */ = {isa = PBXBuildFile; fileRef = 35669ADC2408BD9F00C95DFB /* listProductView.swift */; };
		35669ADF2408BF3C00C95DFB /* viewForHeaders.swift in Sources */ = {isa = PBXBuildFile; fileRef = 35669ADE2408BF3C00C95DFB /* viewForHeaders.swift */; };
		35669AE1240AD8C900C95DFB /* accountHomeView.swift in Sources */ = {isa = PBXBuildFile; fileRef = 35669AE0240AD8C900C95DFB /* accountHomeView.swift */; };
		35669AE3240AEDAF00C95DFB /* ffCells.swift in Sources */ = {isa = PBXBuildFile; fileRef = 35669AE2240AEDAF00C95DFB /* ffCells.swift */; };
		35669AE52410B3FF00C95DFB /* enum.swift in Sources */ = {isa = PBXBuildFile; fileRef = 35669AE42410B3FF00C95DFB /* enum.swift */; };
		35669AE724185D6400C95DFB /* recomendedMeals.swift in Sources */ = {isa = PBXBuildFile; fileRef = 35669AE624185D6400C95DFB /* recomendedMeals.swift */; };
		356FFEEC23F1CEED00DF67AD /* dietPreferences.swift in Sources */ = {isa = PBXBuildFile; fileRef = 356FFEEB23F1CEED00DF67AD /* dietPreferences.swift */; };
		356FFEEE23F1CF1C00DF67AD /* storePreferences.swift in Sources */ = {isa = PBXBuildFile; fileRef = 356FFEED23F1CF1C00DF67AD /* storePreferences.swift */; };
		356FFEF023F1CF4B00DF67AD /* thankYouPreferences.swift in Sources */ = {isa = PBXBuildFile; fileRef = 356FFEEF23F1CF4B00DF67AD /* thankYouPreferences.swift */; };
		356FFEF323F3A1C000DF67AD /* buttons.swift in Sources */ = {isa = PBXBuildFile; fileRef = 356FFEF223F3A1C000DF67AD /* buttons.swift */; };
		356FFEF623FC590700DF67AD /* pantryTVC.swift in Sources */ = {isa = PBXBuildFile; fileRef = 356FFEF523FC590700DF67AD /* pantryTVC.swift */; };
		356FFEFC24004FFB00DF67AD /* statsView.swift in Sources */ = {isa = PBXBuildFile; fileRef = 356FFEFB24004FFB00DF67AD /* statsView.swift */; };
		356FFEFF2401962D00DF67AD /* segmentViews.swift in Sources */ = {isa = PBXBuildFile; fileRef = 356FFEFE2401962C00DF67AD /* segmentViews.swift */; };
		357B35EE23A9CFC100223F51 /* continuedInfo.swift in Sources */ = {isa = PBXBuildFile; fileRef = 357B35ED23A9CFC100223F51 /* continuedInfo.swift */; };
		357B35F023A9DDEA00223F51 /* camera.swift in Sources */ = {isa = PBXBuildFile; fileRef = 357B35EF23A9DDEA00223F51 /* camera.swift */; };
		357B35F223A9DE7000223F51 /* camController.swift in Sources */ = {isa = PBXBuildFile; fileRef = 357B35F123A9DE7000223F51 /* camController.swift */; };
		357B35F423A9DE8E00223F51 /* photoCaptureDelegate.swift in Sources */ = {isa = PBXBuildFile; fileRef = 357B35F323A9DE8E00223F51 /* photoCaptureDelegate.swift */; };
		3583AEC52401AECE00A5C4F9 /* quantityAlert.swift in Sources */ = {isa = PBXBuildFile; fileRef = 3583AEC42401AECE00A5C4F9 /* quantityAlert.swift */; };
		3583B08224660BA600879559 /* fireStoreProtocol.swift in Sources */ = {isa = PBXBuildFile; fileRef = 3583B08124660BA600879559 /* fireStoreProtocol.swift */; };
		3583B08424660F7C00879559 /* fireStoreData.swift in Sources */ = {isa = PBXBuildFile; fileRef = 3583B08324660F7C00879559 /* fireStoreData.swift */; };
		358C2C5123BB00110013EE64 /* imageVCRecipt.swift in Sources */ = {isa = PBXBuildFile; fileRef = 358C2C5023BB00110013EE64 /* imageVCRecipt.swift */; };
		358C2C5523BFBAC10013EE64 /* ProductsView.swift in Sources */ = {isa = PBXBuildFile; fileRef = 358C2C5423BFBAC10013EE64 /* ProductsView.swift */; };
		3591FBCD23BAD29700C410CF /* camViewController.swift in Sources */ = {isa = PBXBuildFile; fileRef = 3591FBCC23BAD29700C410CF /* camViewController.swift */; };
		3591FBCF23BADA9100C410CF /* OCR.swift in Sources */ = {isa = PBXBuildFile; fileRef = 3591FBCE23BADA9100C410CF /* OCR.swift */; };
		359E325C23D7F8D50049FA75 /* filterSetUp.swift in Sources */ = {isa = PBXBuildFile; fileRef = 359E325B23D7F8D50049FA75 /* filterSetUp.swift */; };
		35B0F300245A82F900823BCE /* firebase.swift in Sources */ = {isa = PBXBuildFile; fileRef = 35B0F2FF245A82F900823BCE /* firebase.swift */; };
		35C3A35A23C6075400E12747 /* loginViews.swift in Sources */ = {isa = PBXBuildFile; fileRef = 35C3A35923C6075400E12747 /* loginViews.swift */; };
		35D647F922ECBABA00015352 /* AppDelegate.swift in Sources */ = {isa = PBXBuildFile; fileRef = 35D647F822ECBABA00015352 /* AppDelegate.swift */; };
		35D647FB22ECBABA00015352 /* ViewController.swift in Sources */ = {isa = PBXBuildFile; fileRef = 35D647FA22ECBABA00015352 /* ViewController.swift */; };
		35D647FE22ECBABA00015352 /* Main.storyboard in Resources */ = {isa = PBXBuildFile; fileRef = 35D647FC22ECBABA00015352 /* Main.storyboard */; };
		35D6480122ECBABA00015352 /* Adem.xcdatamodeld in Sources */ = {isa = PBXBuildFile; fileRef = 35D647FF22ECBABA00015352 /* Adem.xcdatamodeld */; };
		35D6480322ECBABB00015352 /* Assets.xcassets in Resources */ = {isa = PBXBuildFile; fileRef = 35D6480222ECBABB00015352 /* Assets.xcassets */; };
		35D6480622ECBABB00015352 /* LaunchScreen.storyboard in Resources */ = {isa = PBXBuildFile; fileRef = 35D6480422ECBABB00015352 /* LaunchScreen.storyboard */; };
		35D6481122ECBABB00015352 /* AdemTests.swift in Sources */ = {isa = PBXBuildFile; fileRef = 35D6481022ECBABB00015352 /* AdemTests.swift */; };
		35D6481C22ECBABB00015352 /* AdemUITests.swift in Sources */ = {isa = PBXBuildFile; fileRef = 35D6481B22ECBABB00015352 /* AdemUITests.swift */; };
		35D6483722ECBBF300015352 /* Custom Alert.swift in Sources */ = {isa = PBXBuildFile; fileRef = 35D6483622ECBBF300015352 /* Custom Alert.swift */; };
		35D6483B22ECBC2300015352 /* Circle Trasition.swift in Sources */ = {isa = PBXBuildFile; fileRef = 35D6483A22ECBC2300015352 /* Circle Trasition.swift */; };
		35D6483D22ECBC3900015352 /* CircleTransition.swift in Sources */ = {isa = PBXBuildFile; fileRef = 35D6483C22ECBC3900015352 /* CircleTransition.swift */; };
		35D6484222ECBC8600015352 /* SignUpInfo.swift in Sources */ = {isa = PBXBuildFile; fileRef = 35D6484122ECBC8600015352 /* SignUpInfo.swift */; };
		35D6484722ECBCBA00015352 /* Design.Elements.swift in Sources */ = {isa = PBXBuildFile; fileRef = 35D6484622ECBCBA00015352 /* Design.Elements.swift */; };
		35D6484E22ECBD1300015352 /* toolBar.swift in Sources */ = {isa = PBXBuildFile; fileRef = 35D6484D22ECBD1300015352 /* toolBar.swift */; };
		35D6485122ECBD4E00015352 /* Login Screen.swift in Sources */ = {isa = PBXBuildFile; fileRef = 35D6485022ECBD4E00015352 /* Login Screen.swift */; };
		35D6485322ECBD5D00015352 /* ListVC.swift in Sources */ = {isa = PBXBuildFile; fileRef = 35D6485222ECBD5D00015352 /* ListVC.swift */; };
		35D6485722ECBD8700015352 /* PantryVC.swift in Sources */ = {isa = PBXBuildFile; fileRef = 35D6485622ECBD8700015352 /* PantryVC.swift */; };
		35D6485922ECBDA300015352 /* Meals.swift in Sources */ = {isa = PBXBuildFile; fileRef = 35D6485822ECBDA300015352 /* Meals.swift */; };
		35D6485B22ECBDBA00015352 /* AccountVC.swift in Sources */ = {isa = PBXBuildFile; fileRef = 35D6485A22ECBDBA00015352 /* AccountVC.swift */; };
		35D6485D22ECBDC900015352 /* tabController.swift in Sources */ = {isa = PBXBuildFile; fileRef = 35D6485C22ECBDC900015352 /* tabController.swift */; };
		35D6486122ECBDEF00015352 /* settingVC.swift in Sources */ = {isa = PBXBuildFile; fileRef = 35D6486022ECBDEF00015352 /* settingVC.swift */; };
		35D6486C22ECBE7100015352 /* ProductCell.swift in Sources */ = {isa = PBXBuildFile; fileRef = 35D6486B22ECBE7100015352 /* ProductCell.swift */; };
		35D6487922ECBEE800015352 /* pantryCellLayout.swift in Sources */ = {isa = PBXBuildFile; fileRef = 35D6487822ECBEE800015352 /* pantryCellLayout.swift */; };
		35D6487D22ECBF0D00015352 /* accountViews.swift in Sources */ = {isa = PBXBuildFile; fileRef = 35D6487C22ECBF0D00015352 /* accountViews.swift */; };
		35D6488522ECBF6300015352 /* DynamicAttributes.swift in Sources */ = {isa = PBXBuildFile; fileRef = 35D6488422ECBF6300015352 /* DynamicAttributes.swift */; };
		35D6488722ECBF7300015352 /* Products.swift in Sources */ = {isa = PBXBuildFile; fileRef = 35D6488622ECBF7300015352 /* Products.swift */; };
		35D6488922ECBF8600015352 /* PantryDataModel.swift in Sources */ = {isa = PBXBuildFile; fileRef = 35D6488822ECBF8600015352 /* PantryDataModel.swift */; };
		35D6488F22ECBFD200015352 /* FirebaseFiles.swift in Sources */ = {isa = PBXBuildFile; fileRef = 35D6488E22ECBFD200015352 /* FirebaseFiles.swift */; };
		35D6489222ECBFFD00015352 /* FriendsLayout.swift in Sources */ = {isa = PBXBuildFile; fileRef = 35D6489122ECBFFD00015352 /* FriendsLayout.swift */; };
		35D6489422ECC01400015352 /* SettingTVC.swift in Sources */ = {isa = PBXBuildFile; fileRef = 35D6489322ECC01400015352 /* SettingTVC.swift */; };
		35D6489A22ECF8CC00015352 /* GoogleService-Info.plist in Resources */ = {isa = PBXBuildFile; fileRef = 35D6489922ECF8CC00015352 /* GoogleService-Info.plist */; };
		35DE93B4234AC37A000B2BE8 /* circularProgressBar.swift in Sources */ = {isa = PBXBuildFile; fileRef = 35DE93B3234AC37A000B2BE8 /* circularProgressBar.swift */; };
		35E95CC323EA69AB00B6F960 /* fonts.swift in Sources */ = {isa = PBXBuildFile; fileRef = 35E95CC223EA69AB00B6F960 /* fonts.swift */; };
		35FDD16A23C4102200A85023 /* listProductinfo.swift in Sources */ = {isa = PBXBuildFile; fileRef = 35FDD16923C4102200A85023 /* listProductinfo.swift */; };
		98F8792318605BF811C7F3FF /* Pods_Adem.framework in Frameworks */ = {isa = PBXBuildFile; fileRef = 69ECB9AA1C883BD72418F1D3 /* Pods_Adem.framework */; };
		D456ED2D57262E392E68181F /* Pods_AdemTests.framework in Frameworks */ = {isa = PBXBuildFile; fileRef = A40CEE25E279A31FB68C6A40 /* Pods_AdemTests.framework */; };
/* End PBXBuildFile section */

/* Begin PBXContainerItemProxy section */
		35D6480D22ECBABB00015352 /* PBXContainerItemProxy */ = {
			isa = PBXContainerItemProxy;
			containerPortal = 35D647ED22ECBABA00015352 /* Project object */;
			proxyType = 1;
			remoteGlobalIDString = 35D647F422ECBABA00015352;
			remoteInfo = Adem;
		};
		35D6481822ECBABB00015352 /* PBXContainerItemProxy */ = {
			isa = PBXContainerItemProxy;
			containerPortal = 35D647ED22ECBABA00015352 /* Project object */;
			proxyType = 1;
			remoteGlobalIDString = 35D647F422ECBABA00015352;
			remoteInfo = Adem;
		};
/* End PBXContainerItemProxy section */

/* Begin PBXFileReference section */
		17D8E3B742ECC6525C2B8DC2 /* Pods-AdemTests.debug.xcconfig */ = {isa = PBXFileReference; includeInIndex = 1; lastKnownFileType = text.xcconfig; name = "Pods-AdemTests.debug.xcconfig"; path = "Target Support Files/Pods-AdemTests/Pods-AdemTests.debug.xcconfig"; sourceTree = "<group>"; };
		1DED251FCBF3126820DEA5B2 /* Pods-Adem-AdemUITests.release.xcconfig */ = {isa = PBXFileReference; includeInIndex = 1; lastKnownFileType = text.xcconfig; name = "Pods-Adem-AdemUITests.release.xcconfig"; path = "Target Support Files/Pods-Adem-AdemUITests/Pods-Adem-AdemUITests.release.xcconfig"; sourceTree = "<group>"; };
		351B8DF42342F10A006CEAE1 /* imageText.swift */ = {isa = PBXFileReference; lastKnownFileType = sourcecode.swift; path = imageText.swift; sourceTree = "<group>"; };
		351B8DF62343C215006CEAE1 /* ListTVC.swift */ = {isa = PBXFileReference; lastKnownFileType = sourcecode.swift; path = ListTVC.swift; sourceTree = "<group>"; };
		3527A0EE248720D000956349 /* pantry.swift */ = {isa = PBXFileReference; lastKnownFileType = sourcecode.swift; path = pantry.swift; sourceTree = "<group>"; };
		353C123422FF5C84007DF3BB /* Adem.entitlements */ = {isa = PBXFileReference; lastKnownFileType = text.plist.entitlements; path = Adem.entitlements; sourceTree = "<group>"; };
		353C12372301D0E3007DF3BB /* mealsCellLayout.swift */ = {isa = PBXFileReference; lastKnownFileType = sourcecode.swift; path = mealsCellLayout.swift; sourceTree = "<group>"; };
		353EA66123EF20AB00790EF2 /* GoogleUtilities.framework */ = {isa = PBXFileReference; explicitFileType = wrapper.framework; path = GoogleUtilities.framework; sourceTree = BUILT_PRODUCTS_DIR; };
		353EA66523EF20F000790EF2 /* absl.framework */ = {isa = PBXFileReference; explicitFileType = wrapper.framework; path = absl.framework; sourceTree = BUILT_PRODUCTS_DIR; };
		3540826B23E25DBD00137476 /* signUpCell.swift */ = {isa = PBXFileReference; lastKnownFileType = sourcecode.swift; path = signUpCell.swift; sourceTree = "<group>"; };
		3540826D23E3D5DE00137476 /* signUpInfoPages.swift */ = {isa = PBXFileReference; lastKnownFileType = sourcecode.swift; path = signUpInfoPages.swift; sourceTree = "<group>"; };
		3540826F23E3D60700137476 /* preferencesPages.swift */ = {isa = PBXFileReference; lastKnownFileType = sourcecode.swift; path = preferencesPages.swift; sourceTree = "<group>"; };
		3542B92E24927F9200E259EE /* gesture.swift */ = {isa = PBXFileReference; lastKnownFileType = sourcecode.swift; path = gesture.swift; sourceTree = "<group>"; };
		3542B9302499A12C00E259EE /* filterVC.swift */ = {isa = PBXFileReference; lastKnownFileType = sourcecode.swift; path = filterVC.swift; sourceTree = "<group>"; };
		3542B93224A5375A00E259EE /* searchTVC.swift */ = {isa = PBXFileReference; lastKnownFileType = sourcecode.swift; path = searchTVC.swift; sourceTree = "<group>"; };
		3542B93524B41ED800E259EE /* listSearchResults.swift */ = {isa = PBXFileReference; lastKnownFileType = sourcecode.swift; path = listSearchResults.swift; sourceTree = "<group>"; };
		354E944123DCBF81003F2B1F /* accountCreationViews.swift */ = {isa = PBXFileReference; lastKnownFileType = sourcecode.swift; path = accountCreationViews.swift; sourceTree = "<group>"; };
		354E944523DCEE30003F2B1F /* customPreferences.swift */ = {isa = PBXFileReference; lastKnownFileType = sourcecode.swift; path = customPreferences.swift; sourceTree = "<group>"; };
		35669ACD24043A3A00C95DFB /* nutritionLabel.swift */ = {isa = PBXFileReference; lastKnownFileType = sourcecode.swift; path = nutritionLabel.swift; sourceTree = "<group>"; };
		35669AD024074C9800C95DFB /* mealVCLayout.swift */ = {isa = PBXFileReference; lastKnownFileType = sourcecode.swift; path = mealVCLayout.swift; sourceTree = "<group>"; };
		35669AD2240753CE00C95DFB /* mealsTopview.swift */ = {isa = PBXFileReference; lastKnownFileType = sourcecode.swift; path = mealsTopview.swift; sourceTree = "<group>"; };
		35669AD424083C6900C95DFB /* meals save.swift */ = {isa = PBXFileReference; lastKnownFileType = sourcecode.swift; path = "meals save.swift"; sourceTree = "<group>"; };
		35669ADA2408B78E00C95DFB /* accountStatsCells.swift */ = {isa = PBXFileReference; lastKnownFileType = sourcecode.swift; path = accountStatsCells.swift; sourceTree = "<group>"; };
		35669ADC2408BD9F00C95DFB /* listProductView.swift */ = {isa = PBXFileReference; lastKnownFileType = sourcecode.swift; path = listProductView.swift; sourceTree = "<group>"; };
		35669ADE2408BF3C00C95DFB /* viewForHeaders.swift */ = {isa = PBXFileReference; lastKnownFileType = sourcecode.swift; path = viewForHeaders.swift; sourceTree = "<group>"; };
		35669AE0240AD8C900C95DFB /* accountHomeView.swift */ = {isa = PBXFileReference; lastKnownFileType = sourcecode.swift; path = accountHomeView.swift; sourceTree = "<group>"; };
		35669AE2240AEDAF00C95DFB /* ffCells.swift */ = {isa = PBXFileReference; lastKnownFileType = sourcecode.swift; path = ffCells.swift; sourceTree = "<group>"; };
		35669AE42410B3FF00C95DFB /* enum.swift */ = {isa = PBXFileReference; lastKnownFileType = sourcecode.swift; path = enum.swift; sourceTree = "<group>"; };
		35669AE624185D6400C95DFB /* recomendedMeals.swift */ = {isa = PBXFileReference; lastKnownFileType = sourcecode.swift; path = recomendedMeals.swift; sourceTree = "<group>"; };
		356FFEEB23F1CEED00DF67AD /* dietPreferences.swift */ = {isa = PBXFileReference; lastKnownFileType = sourcecode.swift; path = dietPreferences.swift; sourceTree = "<group>"; };
		356FFEED23F1CF1C00DF67AD /* storePreferences.swift */ = {isa = PBXFileReference; lastKnownFileType = sourcecode.swift; path = storePreferences.swift; sourceTree = "<group>"; };
		356FFEEF23F1CF4B00DF67AD /* thankYouPreferences.swift */ = {isa = PBXFileReference; lastKnownFileType = sourcecode.swift; path = thankYouPreferences.swift; sourceTree = "<group>"; };
		356FFEF223F3A1C000DF67AD /* buttons.swift */ = {isa = PBXFileReference; lastKnownFileType = sourcecode.swift; path = buttons.swift; sourceTree = "<group>"; };
		356FFEF523FC590700DF67AD /* pantryTVC.swift */ = {isa = PBXFileReference; lastKnownFileType = sourcecode.swift; path = pantryTVC.swift; sourceTree = "<group>"; };
		356FFEFB24004FFB00DF67AD /* statsView.swift */ = {isa = PBXFileReference; lastKnownFileType = sourcecode.swift; path = statsView.swift; sourceTree = "<group>"; };
		356FFEFE2401962C00DF67AD /* segmentViews.swift */ = {isa = PBXFileReference; lastKnownFileType = sourcecode.swift; path = segmentViews.swift; sourceTree = "<group>"; };
		357B35ED23A9CFC100223F51 /* continuedInfo.swift */ = {isa = PBXFileReference; lastKnownFileType = sourcecode.swift; path = continuedInfo.swift; sourceTree = "<group>"; };
		357B35EF23A9DDEA00223F51 /* camera.swift */ = {isa = PBXFileReference; lastKnownFileType = sourcecode.swift; path = camera.swift; sourceTree = "<group>"; };
		357B35F123A9DE7000223F51 /* camController.swift */ = {isa = PBXFileReference; lastKnownFileType = sourcecode.swift; path = camController.swift; sourceTree = "<group>"; };
		357B35F323A9DE8E00223F51 /* photoCaptureDelegate.swift */ = {isa = PBXFileReference; lastKnownFileType = sourcecode.swift; path = photoCaptureDelegate.swift; sourceTree = "<group>"; };
		3583AEC42401AECE00A5C4F9 /* quantityAlert.swift */ = {isa = PBXFileReference; lastKnownFileType = sourcecode.swift; path = quantityAlert.swift; sourceTree = "<group>"; };
		3583B08124660BA600879559 /* fireStoreProtocol.swift */ = {isa = PBXFileReference; lastKnownFileType = sourcecode.swift; path = fireStoreProtocol.swift; sourceTree = "<group>"; };
		3583B08324660F7C00879559 /* fireStoreData.swift */ = {isa = PBXFileReference; lastKnownFileType = sourcecode.swift; path = fireStoreData.swift; sourceTree = "<group>"; };
		358C2C5023BB00110013EE64 /* imageVCRecipt.swift */ = {isa = PBXFileReference; lastKnownFileType = sourcecode.swift; path = imageVCRecipt.swift; sourceTree = "<group>"; };
		358C2C5423BFBAC10013EE64 /* ProductsView.swift */ = {isa = PBXFileReference; lastKnownFileType = sourcecode.swift; path = ProductsView.swift; sourceTree = "<group>"; };
		3591FBCC23BAD29700C410CF /* camViewController.swift */ = {isa = PBXFileReference; lastKnownFileType = sourcecode.swift; path = camViewController.swift; sourceTree = "<group>"; };
		3591FBCE23BADA9100C410CF /* OCR.swift */ = {isa = PBXFileReference; lastKnownFileType = sourcecode.swift; path = OCR.swift; sourceTree = "<group>"; };
		359E325B23D7F8D50049FA75 /* filterSetUp.swift */ = {isa = PBXFileReference; lastKnownFileType = sourcecode.swift; path = filterSetUp.swift; sourceTree = "<group>"; };
		35B0F2FF245A82F900823BCE /* firebase.swift */ = {isa = PBXFileReference; lastKnownFileType = sourcecode.swift; path = firebase.swift; sourceTree = "<group>"; };
		35C3A35923C6075400E12747 /* loginViews.swift */ = {isa = PBXFileReference; lastKnownFileType = sourcecode.swift; path = loginViews.swift; sourceTree = "<group>"; };
		35D647F522ECBABA00015352 /* Adem.app */ = {isa = PBXFileReference; explicitFileType = wrapper.application; includeInIndex = 0; path = Adem.app; sourceTree = BUILT_PRODUCTS_DIR; };
		35D647F822ECBABA00015352 /* AppDelegate.swift */ = {isa = PBXFileReference; lastKnownFileType = sourcecode.swift; path = AppDelegate.swift; sourceTree = "<group>"; };
		35D647FA22ECBABA00015352 /* ViewController.swift */ = {isa = PBXFileReference; lastKnownFileType = sourcecode.swift; path = ViewController.swift; sourceTree = "<group>"; };
		35D647FD22ECBABA00015352 /* Base */ = {isa = PBXFileReference; lastKnownFileType = file.storyboard; name = Base; path = Base.lproj/Main.storyboard; sourceTree = "<group>"; };
		35D6480022ECBABA00015352 /* Adem.xcdatamodel */ = {isa = PBXFileReference; lastKnownFileType = wrapper.xcdatamodel; path = Adem.xcdatamodel; sourceTree = "<group>"; };
		35D6480222ECBABB00015352 /* Assets.xcassets */ = {isa = PBXFileReference; lastKnownFileType = folder.assetcatalog; path = Assets.xcassets; sourceTree = "<group>"; };
		35D6480522ECBABB00015352 /* Base */ = {isa = PBXFileReference; lastKnownFileType = file.storyboard; name = Base; path = Base.lproj/LaunchScreen.storyboard; sourceTree = "<group>"; };
		35D6480722ECBABB00015352 /* Info.plist */ = {isa = PBXFileReference; lastKnownFileType = text.plist.xml; path = Info.plist; sourceTree = "<group>"; };
		35D6480C22ECBABB00015352 /* AdemTests.xctest */ = {isa = PBXFileReference; explicitFileType = wrapper.cfbundle; includeInIndex = 0; path = AdemTests.xctest; sourceTree = BUILT_PRODUCTS_DIR; };
		35D6481022ECBABB00015352 /* AdemTests.swift */ = {isa = PBXFileReference; lastKnownFileType = sourcecode.swift; path = AdemTests.swift; sourceTree = "<group>"; };
		35D6481222ECBABB00015352 /* Info.plist */ = {isa = PBXFileReference; lastKnownFileType = text.plist.xml; path = Info.plist; sourceTree = "<group>"; };
		35D6481722ECBABB00015352 /* AdemUITests.xctest */ = {isa = PBXFileReference; explicitFileType = wrapper.cfbundle; includeInIndex = 0; path = AdemUITests.xctest; sourceTree = BUILT_PRODUCTS_DIR; };
		35D6481B22ECBABB00015352 /* AdemUITests.swift */ = {isa = PBXFileReference; lastKnownFileType = sourcecode.swift; path = AdemUITests.swift; sourceTree = "<group>"; };
		35D6481D22ECBABB00015352 /* Info.plist */ = {isa = PBXFileReference; lastKnownFileType = text.plist.xml; path = Info.plist; sourceTree = "<group>"; };
		35D6483622ECBBF300015352 /* Custom Alert.swift */ = {isa = PBXFileReference; lastKnownFileType = sourcecode.swift; path = "Custom Alert.swift"; sourceTree = "<group>"; };
		35D6483A22ECBC2300015352 /* Circle Trasition.swift */ = {isa = PBXFileReference; lastKnownFileType = sourcecode.swift; path = "Circle Trasition.swift"; sourceTree = "<group>"; };
		35D6483C22ECBC3900015352 /* CircleTransition.swift */ = {isa = PBXFileReference; lastKnownFileType = sourcecode.swift; path = CircleTransition.swift; sourceTree = "<group>"; };
		35D6484122ECBC8600015352 /* SignUpInfo.swift */ = {isa = PBXFileReference; lastKnownFileType = sourcecode.swift; path = SignUpInfo.swift; sourceTree = "<group>"; };
		35D6484622ECBCBA00015352 /* Design.Elements.swift */ = {isa = PBXFileReference; lastKnownFileType = sourcecode.swift; path = Design.Elements.swift; sourceTree = "<group>"; };
		35D6484D22ECBD1300015352 /* toolBar.swift */ = {isa = PBXFileReference; lastKnownFileType = sourcecode.swift; path = toolBar.swift; sourceTree = "<group>"; };
		35D6485022ECBD4E00015352 /* Login Screen.swift */ = {isa = PBXFileReference; lastKnownFileType = sourcecode.swift; path = "Login Screen.swift"; sourceTree = "<group>"; };
		35D6485222ECBD5D00015352 /* ListVC.swift */ = {isa = PBXFileReference; lastKnownFileType = sourcecode.swift; path = ListVC.swift; sourceTree = "<group>"; };
		35D6485622ECBD8700015352 /* PantryVC.swift */ = {isa = PBXFileReference; lastKnownFileType = sourcecode.swift; path = PantryVC.swift; sourceTree = "<group>"; };
		35D6485822ECBDA300015352 /* Meals.swift */ = {isa = PBXFileReference; lastKnownFileType = sourcecode.swift; path = Meals.swift; sourceTree = "<group>"; };
		35D6485A22ECBDBA00015352 /* AccountVC.swift */ = {isa = PBXFileReference; lastKnownFileType = sourcecode.swift; path = AccountVC.swift; sourceTree = "<group>"; };
		35D6485C22ECBDC900015352 /* tabController.swift */ = {isa = PBXFileReference; lastKnownFileType = sourcecode.swift; path = tabController.swift; sourceTree = "<group>"; };
		35D6486022ECBDEF00015352 /* settingVC.swift */ = {isa = PBXFileReference; lastKnownFileType = sourcecode.swift; path = settingVC.swift; sourceTree = "<group>"; };
		35D6486B22ECBE7100015352 /* ProductCell.swift */ = {isa = PBXFileReference; lastKnownFileType = sourcecode.swift; path = ProductCell.swift; sourceTree = "<group>"; };
		35D6487822ECBEE800015352 /* pantryCellLayout.swift */ = {isa = PBXFileReference; lastKnownFileType = sourcecode.swift; path = pantryCellLayout.swift; sourceTree = "<group>"; };
		35D6487C22ECBF0D00015352 /* accountViews.swift */ = {isa = PBXFileReference; lastKnownFileType = sourcecode.swift; path = accountViews.swift; sourceTree = "<group>"; };
		35D6488422ECBF6300015352 /* DynamicAttributes.swift */ = {isa = PBXFileReference; lastKnownFileType = sourcecode.swift; path = DynamicAttributes.swift; sourceTree = "<group>"; };
		35D6488622ECBF7300015352 /* Products.swift */ = {isa = PBXFileReference; lastKnownFileType = sourcecode.swift; path = Products.swift; sourceTree = "<group>"; };
		35D6488822ECBF8600015352 /* PantryDataModel.swift */ = {isa = PBXFileReference; lastKnownFileType = sourcecode.swift; path = PantryDataModel.swift; sourceTree = "<group>"; };
		35D6488E22ECBFD200015352 /* FirebaseFiles.swift */ = {isa = PBXFileReference; lastKnownFileType = sourcecode.swift; path = FirebaseFiles.swift; sourceTree = "<group>"; };
		35D6489122ECBFFD00015352 /* FriendsLayout.swift */ = {isa = PBXFileReference; lastKnownFileType = sourcecode.swift; path = FriendsLayout.swift; sourceTree = "<group>"; };
		35D6489322ECC01400015352 /* SettingTVC.swift */ = {isa = PBXFileReference; lastKnownFileType = sourcecode.swift; path = SettingTVC.swift; sourceTree = "<group>"; };
		35D6489922ECF8CC00015352 /* GoogleService-Info.plist */ = {isa = PBXFileReference; fileEncoding = 4; lastKnownFileType = text.plist.xml; name = "GoogleService-Info.plist"; path = "../../GoogleService-Info.plist"; sourceTree = "<group>"; };
		35DE93B3234AC37A000B2BE8 /* circularProgressBar.swift */ = {isa = PBXFileReference; lastKnownFileType = sourcecode.swift; path = circularProgressBar.swift; sourceTree = "<group>"; };
		35DE976123EF1F57004164AC /* FirebaseCoreDiagnostics.framework */ = {isa = PBXFileReference; explicitFileType = wrapper.framework; path = FirebaseCoreDiagnostics.framework; sourceTree = BUILT_PRODUCTS_DIR; };
		35DE976523EF1F89004164AC /* FBLPromises.framework */ = {isa = PBXFileReference; explicitFileType = wrapper.framework; path = FBLPromises.framework; sourceTree = BUILT_PRODUCTS_DIR; };
		35DE976C23EF1FFF004164AC /* GTMSessionFetcher.framework */ = {isa = PBXFileReference; explicitFileType = wrapper.framework; path = GTMSessionFetcher.framework; sourceTree = BUILT_PRODUCTS_DIR; };
		35DE977023EF202F004164AC /* GoogleAPIClientForREST.framework */ = {isa = PBXFileReference; explicitFileType = wrapper.framework; path = GoogleAPIClientForREST.framework; sourceTree = BUILT_PRODUCTS_DIR; };
		35DE977423EF205F004164AC /* GoogleToolboxForMac.framework */ = {isa = PBXFileReference; explicitFileType = wrapper.framework; path = GoogleToolboxForMac.framework; sourceTree = BUILT_PRODUCTS_DIR; };
		35E95CC223EA69AB00B6F960 /* fonts.swift */ = {isa = PBXFileReference; lastKnownFileType = sourcecode.swift; path = fonts.swift; sourceTree = "<group>"; };
		35FDD16923C4102200A85023 /* listProductinfo.swift */ = {isa = PBXFileReference; lastKnownFileType = sourcecode.swift; path = listProductinfo.swift; sourceTree = "<group>"; };
		63F44877B52FE6273CC2D5AD /* Pods-AdemTests.release.xcconfig */ = {isa = PBXFileReference; includeInIndex = 1; lastKnownFileType = text.xcconfig; name = "Pods-AdemTests.release.xcconfig"; path = "Target Support Files/Pods-AdemTests/Pods-AdemTests.release.xcconfig"; sourceTree = "<group>"; };
		69ECB9AA1C883BD72418F1D3 /* Pods_Adem.framework */ = {isa = PBXFileReference; explicitFileType = wrapper.framework; includeInIndex = 0; path = Pods_Adem.framework; sourceTree = BUILT_PRODUCTS_DIR; };
		79FB9C79428095200E342D2F /* Pods_Adem_AdemUITests.framework */ = {isa = PBXFileReference; explicitFileType = wrapper.framework; includeInIndex = 0; path = Pods_Adem_AdemUITests.framework; sourceTree = BUILT_PRODUCTS_DIR; };
		82C63D4C15BEBDF5A4623CDC /* Pods-Adem.debug.xcconfig */ = {isa = PBXFileReference; includeInIndex = 1; lastKnownFileType = text.xcconfig; name = "Pods-Adem.debug.xcconfig"; path = "Target Support Files/Pods-Adem/Pods-Adem.debug.xcconfig"; sourceTree = "<group>"; };
		A40CEE25E279A31FB68C6A40 /* Pods_AdemTests.framework */ = {isa = PBXFileReference; explicitFileType = wrapper.framework; includeInIndex = 0; path = Pods_AdemTests.framework; sourceTree = BUILT_PRODUCTS_DIR; };
		D2EACE930E2AFBFA0E98C838 /* Pods-Adem.release.xcconfig */ = {isa = PBXFileReference; includeInIndex = 1; lastKnownFileType = text.xcconfig; name = "Pods-Adem.release.xcconfig"; path = "Target Support Files/Pods-Adem/Pods-Adem.release.xcconfig"; sourceTree = "<group>"; };
		EC1504C2AF72273AA4DE944A /* Pods-Adem-AdemUITests.debug.xcconfig */ = {isa = PBXFileReference; includeInIndex = 1; lastKnownFileType = text.xcconfig; name = "Pods-Adem-AdemUITests.debug.xcconfig"; path = "Target Support Files/Pods-Adem-AdemUITests/Pods-Adem-AdemUITests.debug.xcconfig"; sourceTree = "<group>"; };
/* End PBXFileReference section */

/* Begin PBXFrameworksBuildPhase section */
		35D647F222ECBABA00015352 /* Frameworks */ = {
			isa = PBXFrameworksBuildPhase;
			buildActionMask = 2147483647;
			files = (
				98F8792318605BF811C7F3FF /* Pods_Adem.framework in Frameworks */,
			);
			runOnlyForDeploymentPostprocessing = 0;
		};
		35D6480922ECBABB00015352 /* Frameworks */ = {
			isa = PBXFrameworksBuildPhase;
			buildActionMask = 2147483647;
			files = (
				D456ED2D57262E392E68181F /* Pods_AdemTests.framework in Frameworks */,
			);
			runOnlyForDeploymentPostprocessing = 0;
		};
		35D6481422ECBABB00015352 /* Frameworks */ = {
			isa = PBXFrameworksBuildPhase;
			buildActionMask = 2147483647;
			files = (
				20790888CE0BC9B828AE4FC4 /* Pods_Adem_AdemUITests.framework in Frameworks */,
			);
			runOnlyForDeploymentPostprocessing = 0;
		};
/* End PBXFrameworksBuildPhase section */

/* Begin PBXGroup section */
		3542B93424B41EAB00E259EE /* searchControllers */ = {
			isa = PBXGroup;
			children = (
				3542B93524B41ED800E259EE /* listSearchResults.swift */,
				3542B93224A5375A00E259EE /* searchTVC.swift */,
			);
			path = searchControllers;
			sourceTree = "<group>";
		};
		35669ACF24074C7000C95DFB /* mealScreens */ = {
			isa = PBXGroup;
			children = (
				35D6485822ECBDA300015352 /* Meals.swift */,
				35669AD024074C9800C95DFB /* mealVCLayout.swift */,
				35669AD2240753CE00C95DFB /* mealsTopview.swift */,
				353C12372301D0E3007DF3BB /* mealsCellLayout.swift */,
				35669AD424083C6900C95DFB /* meals save.swift */,
				35669AE624185D6400C95DFB /* recomendedMeals.swift */,
			);
			path = mealScreens;
			sourceTree = "<group>";
		};
		35669AD62408B35200C95DFB /* List */ = {
			isa = PBXGroup;
			children = (
				35D6485222ECBD5D00015352 /* ListVC.swift */,
				35FDD16923C4102200A85023 /* listProductinfo.swift */,
			);
			path = List;
			sourceTree = "<group>";
		};
		35669AD72408B3A900C95DFB /* Pantry */ = {
			isa = PBXGroup;
			children = (
				35D6485622ECBD8700015352 /* PantryVC.swift */,
				356FFEF523FC590700DF67AD /* pantryTVC.swift */,
				3527A0EE248720D000956349 /* pantry.swift */,
				3542B9302499A12C00E259EE /* filterVC.swift */,
			);
			path = Pantry;
			sourceTree = "<group>";
		};
		35669AD82408B49700C95DFB /* global */ = {
			isa = PBXGroup;
			children = (
				35669ADC2408BD9F00C95DFB /* listProductView.swift */,
				359E325B23D7F8D50049FA75 /* filterSetUp.swift */,
				35669ADE2408BF3C00C95DFB /* viewForHeaders.swift */,
				3542B92E24927F9200E259EE /* gesture.swift */,
			);
			path = global;
			sourceTree = "<group>";
		};
		35669AD92408B5B600C95DFB /* Account */ = {
			isa = PBXGroup;
			children = (
				35D6485A22ECBDBA00015352 /* AccountVC.swift */,
				35D6487C22ECBF0D00015352 /* accountViews.swift */,
				356FFEFB24004FFB00DF67AD /* statsView.swift */,
				35669ADA2408B78E00C95DFB /* accountStatsCells.swift */,
				35669AE0240AD8C900C95DFB /* accountHomeView.swift */,
				35669AE2240AEDAF00C95DFB /* ffCells.swift */,
			);
			path = Account;
			sourceTree = "<group>";
		};
		356FFEF123F3A1AF00DF67AD /* UIElements */ = {
			isa = PBXGroup;
			children = (
				356FFEF223F3A1C000DF67AD /* buttons.swift */,
			);
			path = UIElements;
			sourceTree = "<group>";
		};
		356FFEFD240195CD00DF67AD /* productScreens */ = {
			isa = PBXGroup;
			children = (
				358C2C5423BFBAC10013EE64 /* ProductsView.swift */,
				356FFEFE2401962C00DF67AD /* segmentViews.swift */,
				35669ACD24043A3A00C95DFB /* nutritionLabel.swift */,
			);
			path = productScreens;
			sourceTree = "<group>";
		};
		35D647EC22ECBABA00015352 = {
			isa = PBXGroup;
			children = (
				35D647F722ECBABA00015352 /* Adem */,
				35D6480F22ECBABB00015352 /* AdemTests */,
				35D6481A22ECBABB00015352 /* AdemUITests */,
				35D647F622ECBABA00015352 /* Products */,
				CF1060BDE40AB13353C161FE /* Pods */,
				7CE4B159354C352D09877D66 /* Frameworks */,
			);
			sourceTree = "<group>";
		};
		35D647F622ECBABA00015352 /* Products */ = {
			isa = PBXGroup;
			children = (
				35D647F522ECBABA00015352 /* Adem.app */,
				35D6480C22ECBABB00015352 /* AdemTests.xctest */,
				35D6481722ECBABB00015352 /* AdemUITests.xctest */,
			);
			name = Products;
			sourceTree = "<group>";
		};
		35D647F722ECBABA00015352 /* Adem */ = {
			isa = PBXGroup;
			children = (
				356FFEF123F3A1AF00DF67AD /* UIElements */,
				353C123422FF5C84007DF3BB /* Adem.entitlements */,
				35D6484022ECBC7300015352 /* Account Creation */,
				35D6489022ECBFDD00015352 /* TableViewControllers */,
				35D6488A22ECBF9300015352 /* Camera */,
				35D6488322ECBF5800015352 /* Model */,
				35D6487E22ECBF2300015352 /* Services */,
				3542B93424B41EAB00E259EE /* searchControllers */,
				35669ACF24074C7000C95DFB /* mealScreens */,
				35669AD72408B3A900C95DFB /* Pantry */,
				35669AD62408B35200C95DFB /* List */,
				356FFEFD240195CD00DF67AD /* productScreens */,
				35669AD92408B5B600C95DFB /* Account */,
				35669AD82408B49700C95DFB /* global */,
				35D6486822ECBE4600015352 /* Views */,
				35D6484F22ECBD3900015352 /* Controllers */,
				35D6484322ECBC9100015352 /* Extensions */,
				35D6483922ECBC0800015352 /* Transition */,
				35D6483522ECBBDD00015352 /* Alert */,
				35E95CBF23E4F47400B6F960 /* Review for Delete */,
				35D647F822ECBABA00015352 /* AppDelegate.swift */,
				35D647FA22ECBABA00015352 /* ViewController.swift */,
				35D6489922ECF8CC00015352 /* GoogleService-Info.plist */,
				35D647FC22ECBABA00015352 /* Main.storyboard */,
				35D6480222ECBABB00015352 /* Assets.xcassets */,
				35D6480422ECBABB00015352 /* LaunchScreen.storyboard */,
				35D6480722ECBABB00015352 /* Info.plist */,
				35D647FF22ECBABA00015352 /* Adem.xcdatamodeld */,
			);
			path = Adem;
			sourceTree = "<group>";
		};
		35D6480F22ECBABB00015352 /* AdemTests */ = {
			isa = PBXGroup;
			children = (
				35D6481022ECBABB00015352 /* AdemTests.swift */,
				35D6481222ECBABB00015352 /* Info.plist */,
			);
			path = AdemTests;
			sourceTree = "<group>";
		};
		35D6481A22ECBABB00015352 /* AdemUITests */ = {
			isa = PBXGroup;
			children = (
				35D6481B22ECBABB00015352 /* AdemUITests.swift */,
				35D6481D22ECBABB00015352 /* Info.plist */,
			);
			path = AdemUITests;
			sourceTree = "<group>";
		};
		35D6483522ECBBDD00015352 /* Alert */ = {
			isa = PBXGroup;
			children = (
				35D6483622ECBBF300015352 /* Custom Alert.swift */,
				35DE93B3234AC37A000B2BE8 /* circularProgressBar.swift */,
				3583AEC42401AECE00A5C4F9 /* quantityAlert.swift */,
			);
			path = Alert;
			sourceTree = "<group>";
		};
		35D6483922ECBC0800015352 /* Transition */ = {
			isa = PBXGroup;
			children = (
				35D6483A22ECBC2300015352 /* Circle Trasition.swift */,
				35D6483C22ECBC3900015352 /* CircleTransition.swift */,
			);
			path = Transition;
			sourceTree = "<group>";
		};
		35D6484022ECBC7300015352 /* Account Creation */ = {
			isa = PBXGroup;
			children = (
				35D6485022ECBD4E00015352 /* Login Screen.swift */,
				35C3A35923C6075400E12747 /* loginViews.swift */,
				35D6484122ECBC8600015352 /* SignUpInfo.swift */,
				3540826F23E3D60700137476 /* preferencesPages.swift */,
				3540826D23E3D5DE00137476 /* signUpInfoPages.swift */,
				354E944523DCEE30003F2B1F /* customPreferences.swift */,
				3540826B23E25DBD00137476 /* signUpCell.swift */,
				354E944123DCBF81003F2B1F /* accountCreationViews.swift */,
				356FFEEB23F1CEED00DF67AD /* dietPreferences.swift */,
				356FFEED23F1CF1C00DF67AD /* storePreferences.swift */,
				356FFEEF23F1CF4B00DF67AD /* thankYouPreferences.swift */,
			);
			path = "Account Creation";
			sourceTree = "<group>";
		};
		35D6484322ECBC9100015352 /* Extensions */ = {
			isa = PBXGroup;
			children = (
				35D6484622ECBCBA00015352 /* Design.Elements.swift */,
				35D6484D22ECBD1300015352 /* toolBar.swift */,
				35E95CC223EA69AB00B6F960 /* fonts.swift */,
				35B0F2FF245A82F900823BCE /* firebase.swift */,
			);
			path = Extensions;
			sourceTree = "<group>";
		};
		35D6484F22ECBD3900015352 /* Controllers */ = {
			isa = PBXGroup;
			children = (
				35D6485C22ECBDC900015352 /* tabController.swift */,
			);
			path = Controllers;
			sourceTree = "<group>";
		};
		35D6486822ECBE4600015352 /* Views */ = {
			isa = PBXGroup;
			children = (
				35D6486B22ECBE7100015352 /* ProductCell.swift */,
				35D6487822ECBEE800015352 /* pantryCellLayout.swift */,
			);
			path = Views;
			sourceTree = "<group>";
		};
		35D6487E22ECBF2300015352 /* Services */ = {
			isa = PBXGroup;
			children = (
				35D6488E22ECBFD200015352 /* FirebaseFiles.swift */,
				351B8DF42342F10A006CEAE1 /* imageText.swift */,
			);
			path = Services;
			sourceTree = "<group>";
		};
		35D6488322ECBF5800015352 /* Model */ = {
			isa = PBXGroup;
			children = (
				35D6488422ECBF6300015352 /* DynamicAttributes.swift */,
				35D6488622ECBF7300015352 /* Products.swift */,
				35D6488822ECBF8600015352 /* PantryDataModel.swift */,
				35669AE42410B3FF00C95DFB /* enum.swift */,
				3583B08124660BA600879559 /* fireStoreProtocol.swift */,
				3583B08324660F7C00879559 /* fireStoreData.swift */,
			);
			path = Model;
			sourceTree = "<group>";
		};
		35D6488A22ECBF9300015352 /* Camera */ = {
			isa = PBXGroup;
			children = (
				357B35EF23A9DDEA00223F51 /* camera.swift */,
				357B35F123A9DE7000223F51 /* camController.swift */,
				357B35F323A9DE8E00223F51 /* photoCaptureDelegate.swift */,
				3591FBCC23BAD29700C410CF /* camViewController.swift */,
				3591FBCE23BADA9100C410CF /* OCR.swift */,
				358C2C5023BB00110013EE64 /* imageVCRecipt.swift */,
			);
			path = Camera;
			sourceTree = "<group>";
		};
		35D6489022ECBFDD00015352 /* TableViewControllers */ = {
			isa = PBXGroup;
			children = (
				35D6489122ECBFFD00015352 /* FriendsLayout.swift */,
				35D6489322ECC01400015352 /* SettingTVC.swift */,
				35D6486022ECBDEF00015352 /* settingVC.swift */,
				351B8DF62343C215006CEAE1 /* ListTVC.swift */,
			);
			path = TableViewControllers;
			sourceTree = "<group>";
		};
		35E95CBF23E4F47400B6F960 /* Review for Delete */ = {
			isa = PBXGroup;
			children = (
				357B35ED23A9CFC100223F51 /* continuedInfo.swift */,
			);
			path = "Review for Delete";
			sourceTree = "<group>";
		};
		7CE4B159354C352D09877D66 /* Frameworks */ = {
			isa = PBXGroup;
			children = (
				353EA66523EF20F000790EF2 /* absl.framework */,
				353EA66123EF20AB00790EF2 /* GoogleUtilities.framework */,
				35DE977423EF205F004164AC /* GoogleToolboxForMac.framework */,
				35DE977023EF202F004164AC /* GoogleAPIClientForREST.framework */,
				35DE976C23EF1FFF004164AC /* GTMSessionFetcher.framework */,
				35DE976523EF1F89004164AC /* FBLPromises.framework */,
				35DE976123EF1F57004164AC /* FirebaseCoreDiagnostics.framework */,
				69ECB9AA1C883BD72418F1D3 /* Pods_Adem.framework */,
				79FB9C79428095200E342D2F /* Pods_Adem_AdemUITests.framework */,
				A40CEE25E279A31FB68C6A40 /* Pods_AdemTests.framework */,
			);
			name = Frameworks;
			sourceTree = "<group>";
		};
		CF1060BDE40AB13353C161FE /* Pods */ = {
			isa = PBXGroup;
			children = (
				82C63D4C15BEBDF5A4623CDC /* Pods-Adem.debug.xcconfig */,
				D2EACE930E2AFBFA0E98C838 /* Pods-Adem.release.xcconfig */,
				EC1504C2AF72273AA4DE944A /* Pods-Adem-AdemUITests.debug.xcconfig */,
				1DED251FCBF3126820DEA5B2 /* Pods-Adem-AdemUITests.release.xcconfig */,
				17D8E3B742ECC6525C2B8DC2 /* Pods-AdemTests.debug.xcconfig */,
				63F44877B52FE6273CC2D5AD /* Pods-AdemTests.release.xcconfig */,
			);
			path = Pods;
			sourceTree = "<group>";
		};
/* End PBXGroup section */

/* Begin PBXNativeTarget section */
		35D647F422ECBABA00015352 /* Adem */ = {
			isa = PBXNativeTarget;
			buildConfigurationList = 35D6482022ECBABB00015352 /* Build configuration list for PBXNativeTarget "Adem" */;
			buildPhases = (
				C99074044069EB1AD9BFB5E7 /* [CP] Check Pods Manifest.lock */,
				35D647F122ECBABA00015352 /* Sources */,
				35D647F222ECBABA00015352 /* Frameworks */,
				35D647F322ECBABA00015352 /* Resources */,
				5F08CD5B54C21A76AC9EB6C8 /* [CP] Copy Pods Resources */,
				920749C6C155A4EE1A34F2EC /* [CP] Embed Pods Frameworks */,
			);
			buildRules = (
			);
			dependencies = (
			);
			name = Adem;
			productName = Adem;
			productReference = 35D647F522ECBABA00015352 /* Adem.app */;
			productType = "com.apple.product-type.application";
		};
		35D6480B22ECBABB00015352 /* AdemTests */ = {
			isa = PBXNativeTarget;
			buildConfigurationList = 35D6482322ECBABB00015352 /* Build configuration list for PBXNativeTarget "AdemTests" */;
			buildPhases = (
				49116CB09D5CF144B35D96D6 /* [CP] Check Pods Manifest.lock */,
				35D6480822ECBABB00015352 /* Sources */,
				35D6480922ECBABB00015352 /* Frameworks */,
				35D6480A22ECBABB00015352 /* Resources */,
			);
			buildRules = (
			);
			dependencies = (
				35D6480E22ECBABB00015352 /* PBXTargetDependency */,
			);
			name = AdemTests;
			productName = AdemTests;
			productReference = 35D6480C22ECBABB00015352 /* AdemTests.xctest */;
			productType = "com.apple.product-type.bundle.unit-test";
		};
		35D6481622ECBABB00015352 /* AdemUITests */ = {
			isa = PBXNativeTarget;
			buildConfigurationList = 35D6482622ECBABB00015352 /* Build configuration list for PBXNativeTarget "AdemUITests" */;
			buildPhases = (
				8317D07FC84C2B85FC1B93A1 /* [CP] Check Pods Manifest.lock */,
				35D6481322ECBABB00015352 /* Sources */,
				35D6481422ECBABB00015352 /* Frameworks */,
				35D6481522ECBABB00015352 /* Resources */,
				8F3ACE30F70DDAC6563F1F71 /* [CP] Copy Pods Resources */,
				2269BFDD0E811DA813EA3D34 /* [CP] Embed Pods Frameworks */,
			);
			buildRules = (
			);
			dependencies = (
				35D6481922ECBABB00015352 /* PBXTargetDependency */,
			);
			name = AdemUITests;
			productName = AdemUITests;
			productReference = 35D6481722ECBABB00015352 /* AdemUITests.xctest */;
			productType = "com.apple.product-type.bundle.ui-testing";
		};
/* End PBXNativeTarget section */

/* Begin PBXProject section */
		35D647ED22ECBABA00015352 /* Project object */ = {
			isa = PBXProject;
			attributes = {
				LastSwiftUpdateCheck = 1020;
				LastUpgradeCheck = 1020;
				ORGANIZATIONNAME = "Coleman Coats";
				TargetAttributes = {
					35D647F422ECBABA00015352 = {
						CreatedOnToolsVersion = 10.2.1;
						SystemCapabilities = {
							com.apple.Keychain = {
								enabled = 1;
							};
						};
					};
					35D6480B22ECBABB00015352 = {
						CreatedOnToolsVersion = 10.2.1;
						TestTargetID = 35D647F422ECBABA00015352;
					};
					35D6481622ECBABB00015352 = {
						CreatedOnToolsVersion = 10.2.1;
						TestTargetID = 35D647F422ECBABA00015352;
					};
				};
			};
			buildConfigurationList = 35D647F022ECBABA00015352 /* Build configuration list for PBXProject "Adem" */;
			compatibilityVersion = "Xcode 9.3";
			developmentRegion = en;
			hasScannedForEncodings = 0;
			knownRegions = (
				en,
				Base,
			);
			mainGroup = 35D647EC22ECBABA00015352;
			productRefGroup = 35D647F622ECBABA00015352 /* Products */;
			projectDirPath = "";
			projectRoot = "";
			targets = (
				35D647F422ECBABA00015352 /* Adem */,
				35D6480B22ECBABB00015352 /* AdemTests */,
				35D6481622ECBABB00015352 /* AdemUITests */,
			);
		};
/* End PBXProject section */

/* Begin PBXResourcesBuildPhase section */
		35D647F322ECBABA00015352 /* Resources */ = {
			isa = PBXResourcesBuildPhase;
			buildActionMask = 2147483647;
			files = (
				35D6480622ECBABB00015352 /* LaunchScreen.storyboard in Resources */,
				35D6489A22ECF8CC00015352 /* GoogleService-Info.plist in Resources */,
				35D6480322ECBABB00015352 /* Assets.xcassets in Resources */,
				35D647FE22ECBABA00015352 /* Main.storyboard in Resources */,
			);
			runOnlyForDeploymentPostprocessing = 0;
		};
		35D6480A22ECBABB00015352 /* Resources */ = {
			isa = PBXResourcesBuildPhase;
			buildActionMask = 2147483647;
			files = (
			);
			runOnlyForDeploymentPostprocessing = 0;
		};
		35D6481522ECBABB00015352 /* Resources */ = {
			isa = PBXResourcesBuildPhase;
			buildActionMask = 2147483647;
			files = (
			);
			runOnlyForDeploymentPostprocessing = 0;
		};
/* End PBXResourcesBuildPhase section */

/* Begin PBXShellScriptBuildPhase section */
		2269BFDD0E811DA813EA3D34 /* [CP] Embed Pods Frameworks */ = {
			isa = PBXShellScriptBuildPhase;
			buildActionMask = 2147483647;
			files = (
			);
			inputFileListPaths = (
				"${PODS_ROOT}/Target Support Files/Pods-Adem-AdemUITests/Pods-Adem-AdemUITests-frameworks-${CONFIGURATION}-input-files.xcfilelist",
			);
			name = "[CP] Embed Pods Frameworks";
			outputFileListPaths = (
				"${PODS_ROOT}/Target Support Files/Pods-Adem-AdemUITests/Pods-Adem-AdemUITests-frameworks-${CONFIGURATION}-output-files.xcfilelist",
			);
			runOnlyForDeploymentPostprocessing = 0;
			shellPath = /bin/sh;
			shellScript = "\"${PODS_ROOT}/Target Support Files/Pods-Adem-AdemUITests/Pods-Adem-AdemUITests-frameworks.sh\"\n";
			showEnvVarsInLog = 0;
		};
		49116CB09D5CF144B35D96D6 /* [CP] Check Pods Manifest.lock */ = {
			isa = PBXShellScriptBuildPhase;
			buildActionMask = 2147483647;
			files = (
			);
			inputFileListPaths = (
			);
			inputPaths = (
				"${PODS_PODFILE_DIR_PATH}/Podfile.lock",
				"${PODS_ROOT}/Manifest.lock",
			);
			name = "[CP] Check Pods Manifest.lock";
			outputFileListPaths = (
			);
			outputPaths = (
				"$(DERIVED_FILE_DIR)/Pods-AdemTests-checkManifestLockResult.txt",
			);
			runOnlyForDeploymentPostprocessing = 0;
			shellPath = /bin/sh;
			shellScript = "diff \"${PODS_PODFILE_DIR_PATH}/Podfile.lock\" \"${PODS_ROOT}/Manifest.lock\" > /dev/null\nif [ $? != 0 ] ; then\n    # print error to STDERR\n    echo \"error: The sandbox is not in sync with the Podfile.lock. Run 'pod install' or update your CocoaPods installation.\" >&2\n    exit 1\nfi\n# This output is used by Xcode 'outputs' to avoid re-running this script phase.\necho \"SUCCESS\" > \"${SCRIPT_OUTPUT_FILE_0}\"\n";
			showEnvVarsInLog = 0;
		};
		5F08CD5B54C21A76AC9EB6C8 /* [CP] Copy Pods Resources */ = {
			isa = PBXShellScriptBuildPhase;
			buildActionMask = 2147483647;
			files = (
			);
			inputFileListPaths = (
				"${PODS_ROOT}/Target Support Files/Pods-Adem/Pods-Adem-resources-${CONFIGURATION}-input-files.xcfilelist",
			);
			name = "[CP] Copy Pods Resources";
			outputFileListPaths = (
				"${PODS_ROOT}/Target Support Files/Pods-Adem/Pods-Adem-resources-${CONFIGURATION}-output-files.xcfilelist",
			);
			runOnlyForDeploymentPostprocessing = 0;
			shellPath = /bin/sh;
			shellScript = "\"${PODS_ROOT}/Target Support Files/Pods-Adem/Pods-Adem-resources.sh\"\n";
			showEnvVarsInLog = 0;
		};
		8317D07FC84C2B85FC1B93A1 /* [CP] Check Pods Manifest.lock */ = {
			isa = PBXShellScriptBuildPhase;
			buildActionMask = 2147483647;
			files = (
			);
			inputFileListPaths = (
			);
			inputPaths = (
				"${PODS_PODFILE_DIR_PATH}/Podfile.lock",
				"${PODS_ROOT}/Manifest.lock",
			);
			name = "[CP] Check Pods Manifest.lock";
			outputFileListPaths = (
			);
			outputPaths = (
				"$(DERIVED_FILE_DIR)/Pods-Adem-AdemUITests-checkManifestLockResult.txt",
			);
			runOnlyForDeploymentPostprocessing = 0;
			shellPath = /bin/sh;
			shellScript = "diff \"${PODS_PODFILE_DIR_PATH}/Podfile.lock\" \"${PODS_ROOT}/Manifest.lock\" > /dev/null\nif [ $? != 0 ] ; then\n    # print error to STDERR\n    echo \"error: The sandbox is not in sync with the Podfile.lock. Run 'pod install' or update your CocoaPods installation.\" >&2\n    exit 1\nfi\n# This output is used by Xcode 'outputs' to avoid re-running this script phase.\necho \"SUCCESS\" > \"${SCRIPT_OUTPUT_FILE_0}\"\n";
			showEnvVarsInLog = 0;
		};
		8F3ACE30F70DDAC6563F1F71 /* [CP] Copy Pods Resources */ = {
			isa = PBXShellScriptBuildPhase;
			buildActionMask = 2147483647;
			files = (
			);
			inputFileListPaths = (
				"${PODS_ROOT}/Target Support Files/Pods-Adem-AdemUITests/Pods-Adem-AdemUITests-resources-${CONFIGURATION}-input-files.xcfilelist",
			);
			name = "[CP] Copy Pods Resources";
			outputFileListPaths = (
				"${PODS_ROOT}/Target Support Files/Pods-Adem-AdemUITests/Pods-Adem-AdemUITests-resources-${CONFIGURATION}-output-files.xcfilelist",
			);
			runOnlyForDeploymentPostprocessing = 0;
			shellPath = /bin/sh;
			shellScript = "\"${PODS_ROOT}/Target Support Files/Pods-Adem-AdemUITests/Pods-Adem-AdemUITests-resources.sh\"\n";
			showEnvVarsInLog = 0;
		};
		920749C6C155A4EE1A34F2EC /* [CP] Embed Pods Frameworks */ = {
			isa = PBXShellScriptBuildPhase;
			buildActionMask = 2147483647;
			files = (
			);
			inputFileListPaths = (
				"${PODS_ROOT}/Target Support Files/Pods-Adem/Pods-Adem-frameworks-${CONFIGURATION}-input-files.xcfilelist",
			);
			name = "[CP] Embed Pods Frameworks";
			outputFileListPaths = (
				"${PODS_ROOT}/Target Support Files/Pods-Adem/Pods-Adem-frameworks-${CONFIGURATION}-output-files.xcfilelist",
			);
			runOnlyForDeploymentPostprocessing = 0;
			shellPath = /bin/sh;
			shellScript = "\"${PODS_ROOT}/Target Support Files/Pods-Adem/Pods-Adem-frameworks.sh\"\n";
			showEnvVarsInLog = 0;
		};
		C99074044069EB1AD9BFB5E7 /* [CP] Check Pods Manifest.lock */ = {
			isa = PBXShellScriptBuildPhase;
			buildActionMask = 2147483647;
			files = (
			);
			inputFileListPaths = (
			);
			inputPaths = (
				"${PODS_PODFILE_DIR_PATH}/Podfile.lock",
				"${PODS_ROOT}/Manifest.lock",
			);
			name = "[CP] Check Pods Manifest.lock";
			outputFileListPaths = (
			);
			outputPaths = (
				"$(DERIVED_FILE_DIR)/Pods-Adem-checkManifestLockResult.txt",
			);
			runOnlyForDeploymentPostprocessing = 0;
			shellPath = /bin/sh;
			shellScript = "diff \"${PODS_PODFILE_DIR_PATH}/Podfile.lock\" \"${PODS_ROOT}/Manifest.lock\" > /dev/null\nif [ $? != 0 ] ; then\n    # print error to STDERR\n    echo \"error: The sandbox is not in sync with the Podfile.lock. Run 'pod install' or update your CocoaPods installation.\" >&2\n    exit 1\nfi\n# This output is used by Xcode 'outputs' to avoid re-running this script phase.\necho \"SUCCESS\" > \"${SCRIPT_OUTPUT_FILE_0}\"\n";
			showEnvVarsInLog = 0;
		};
/* End PBXShellScriptBuildPhase section */

/* Begin PBXSourcesBuildPhase section */
		35D647F122ECBABA00015352 /* Sources */ = {
			isa = PBXSourcesBuildPhase;
			buildActionMask = 2147483647;
			files = (
				35D6488722ECBF7300015352 /* Products.swift in Sources */,
				35669ADF2408BF3C00C95DFB /* viewForHeaders.swift in Sources */,
				35D6483B22ECBC2300015352 /* Circle Trasition.swift in Sources */,
				35D6486122ECBDEF00015352 /* settingVC.swift in Sources */,
				35D6484722ECBCBA00015352 /* Design.Elements.swift in Sources */,
				357B35F223A9DE7000223F51 /* camController.swift in Sources */,
				35D6480122ECBABA00015352 /* Adem.xcdatamodeld in Sources */,
				353C12382301D0E3007DF3BB /* mealsCellLayout.swift in Sources */,
				354E944623DCEE30003F2B1F /* customPreferences.swift in Sources */,
				35669AD124074C9800C95DFB /* mealVCLayout.swift in Sources */,
				351B8DF72343C215006CEAE1 /* ListTVC.swift in Sources */,
				35D6489222ECBFFD00015352 /* FriendsLayout.swift in Sources */,
				35D6483722ECBBF300015352 /* Custom Alert.swift in Sources */,
				3542B92F24927F9200E259EE /* gesture.swift in Sources */,
				3540827023E3D60700137476 /* preferencesPages.swift in Sources */,
				356FFEF023F1CF4B00DF67AD /* thankYouPreferences.swift in Sources */,
				35D6487922ECBEE800015352 /* pantryCellLayout.swift in Sources */,
				35C3A35A23C6075400E12747 /* loginViews.swift in Sources */,
				35D6489422ECC01400015352 /* SettingTVC.swift in Sources */,
				35669ADD2408BD9F00C95DFB /* listProductView.swift in Sources */,
				35D647FB22ECBABA00015352 /* ViewController.swift in Sources */,
				35D6488F22ECBFD200015352 /* FirebaseFiles.swift in Sources */,
				35D6485B22ECBDBA00015352 /* AccountVC.swift in Sources */,
				35FDD16A23C4102200A85023 /* listProductinfo.swift in Sources */,
				3583AEC52401AECE00A5C4F9 /* quantityAlert.swift in Sources */,
				3591FBCF23BADA9100C410CF /* OCR.swift in Sources */,
				356FFEFF2401962D00DF67AD /* segmentViews.swift in Sources */,
				35669AE52410B3FF00C95DFB /* enum.swift in Sources */,
				3542B9312499A12C00E259EE /* filterVC.swift in Sources */,
				354E944223DCBF81003F2B1F /* accountCreationViews.swift in Sources */,
				35669ACE24043A3A00C95DFB /* nutritionLabel.swift in Sources */,
				35D6483D22ECBC3900015352 /* CircleTransition.swift in Sources */,
				35669AE724185D6400C95DFB /* recomendedMeals.swift in Sources */,
				3527A0EF248720D000956349 /* pantry.swift in Sources */,
				35D6486C22ECBE7100015352 /* ProductCell.swift in Sources */,
				35D6485922ECBDA300015352 /* Meals.swift in Sources */,
				35669AE1240AD8C900C95DFB /* accountHomeView.swift in Sources */,
				3583B08424660F7C00879559 /* fireStoreData.swift in Sources */,
				35669ADB2408B78E00C95DFB /* accountStatsCells.swift in Sources */,
				3540826C23E25DBD00137476 /* signUpCell.swift in Sources */,
				35E95CC323EA69AB00B6F960 /* fonts.swift in Sources */,
				35669AE3240AEDAF00C95DFB /* ffCells.swift in Sources */,
				356FFEEC23F1CEED00DF67AD /* dietPreferences.swift in Sources */,
				358C2C5523BFBAC10013EE64 /* ProductsView.swift in Sources */,
				35D6484E22ECBD1300015352 /* toolBar.swift in Sources */,
				35D6488922ECBF8600015352 /* PantryDataModel.swift in Sources */,
				35D6488522ECBF6300015352 /* DynamicAttributes.swift in Sources */,
				3591FBCD23BAD29700C410CF /* camViewController.swift in Sources */,
				3542B93624B41ED800E259EE /* listSearchResults.swift in Sources */,
				35D6484222ECBC8600015352 /* SignUpInfo.swift in Sources */,
				35669AD3240753CE00C95DFB /* mealsTopview.swift in Sources */,
				35DE93B4234AC37A000B2BE8 /* circularProgressBar.swift in Sources */,
				356FFEEE23F1CF1C00DF67AD /* storePreferences.swift in Sources */,
				3540826E23E3D5DE00137476 /* signUpInfoPages.swift in Sources */,
				3542B93324A5375A00E259EE /* searchTVC.swift in Sources */,
				35D6485722ECBD8700015352 /* PantryVC.swift in Sources */,
				357B35F423A9DE8E00223F51 /* photoCaptureDelegate.swift in Sources */,
				35669AD524083C6900C95DFB /* meals save.swift in Sources */,
				35D6487D22ECBF0D00015352 /* accountViews.swift in Sources */,
				35D6485322ECBD5D00015352 /* ListVC.swift in Sources */,
				3583B08224660BA600879559 /* fireStoreProtocol.swift in Sources */,
				357B35F023A9DDEA00223F51 /* camera.swift in Sources */,
				356FFEFC24004FFB00DF67AD /* statsView.swift in Sources */,
				356FFEF623FC590700DF67AD /* pantryTVC.swift in Sources */,
				356FFEF323F3A1C000DF67AD /* buttons.swift in Sources */,
				35D6485D22ECBDC900015352 /* tabController.swift in Sources */,
				351B8DF52342F10A006CEAE1 /* imageText.swift in Sources */,
				359E325C23D7F8D50049FA75 /* filterSetUp.swift in Sources */,
				357B35EE23A9CFC100223F51 /* continuedInfo.swift in Sources */,
				35B0F300245A82F900823BCE /* firebase.swift in Sources */,
				35D647F922ECBABA00015352 /* AppDelegate.swift in Sources */,
				358C2C5123BB00110013EE64 /* imageVCRecipt.swift in Sources */,
				35D6485122ECBD4E00015352 /* Login Screen.swift in Sources */,
			);
			runOnlyForDeploymentPostprocessing = 0;
		};
		35D6480822ECBABB00015352 /* Sources */ = {
			isa = PBXSourcesBuildPhase;
			buildActionMask = 2147483647;
			files = (
				35D6481122ECBABB00015352 /* AdemTests.swift in Sources */,
			);
			runOnlyForDeploymentPostprocessing = 0;
		};
		35D6481322ECBABB00015352 /* Sources */ = {
			isa = PBXSourcesBuildPhase;
			buildActionMask = 2147483647;
			files = (
				35D6481C22ECBABB00015352 /* AdemUITests.swift in Sources */,
			);
			runOnlyForDeploymentPostprocessing = 0;
		};
/* End PBXSourcesBuildPhase section */

/* Begin PBXTargetDependency section */
		35D6480E22ECBABB00015352 /* PBXTargetDependency */ = {
			isa = PBXTargetDependency;
			target = 35D647F422ECBABA00015352 /* Adem */;
			targetProxy = 35D6480D22ECBABB00015352 /* PBXContainerItemProxy */;
		};
		35D6481922ECBABB00015352 /* PBXTargetDependency */ = {
			isa = PBXTargetDependency;
			target = 35D647F422ECBABA00015352 /* Adem */;
			targetProxy = 35D6481822ECBABB00015352 /* PBXContainerItemProxy */;
		};
/* End PBXTargetDependency section */

/* Begin PBXVariantGroup section */
		35D647FC22ECBABA00015352 /* Main.storyboard */ = {
			isa = PBXVariantGroup;
			children = (
				35D647FD22ECBABA00015352 /* Base */,
			);
			name = Main.storyboard;
			sourceTree = "<group>";
		};
		35D6480422ECBABB00015352 /* LaunchScreen.storyboard */ = {
			isa = PBXVariantGroup;
			children = (
				35D6480522ECBABB00015352 /* Base */,
			);
			name = LaunchScreen.storyboard;
			sourceTree = "<group>";
		};
/* End PBXVariantGroup section */

/* Begin XCBuildConfiguration section */
		35D6481E22ECBABB00015352 /* Debug */ = {
			isa = XCBuildConfiguration;
			buildSettings = {
				ALWAYS_SEARCH_USER_PATHS = NO;
				CLANG_ANALYZER_NONNULL = YES;
				CLANG_ANALYZER_NUMBER_OBJECT_CONVERSION = YES_AGGRESSIVE;
				CLANG_CXX_LANGUAGE_STANDARD = "gnu++14";
				CLANG_CXX_LIBRARY = "libc++";
				CLANG_ENABLE_MODULES = YES;
				CLANG_ENABLE_OBJC_ARC = YES;
				CLANG_ENABLE_OBJC_WEAK = YES;
				CLANG_WARN_BLOCK_CAPTURE_AUTORELEASING = YES;
				CLANG_WARN_BOOL_CONVERSION = YES;
				CLANG_WARN_COMMA = YES;
				CLANG_WARN_CONSTANT_CONVERSION = YES;
				CLANG_WARN_DEPRECATED_OBJC_IMPLEMENTATIONS = YES;
				CLANG_WARN_DIRECT_OBJC_ISA_USAGE = YES_ERROR;
				CLANG_WARN_DOCUMENTATION_COMMENTS = YES;
				CLANG_WARN_EMPTY_BODY = YES;
				CLANG_WARN_ENUM_CONVERSION = YES;
				CLANG_WARN_INFINITE_RECURSION = YES;
				CLANG_WARN_INT_CONVERSION = YES;
				CLANG_WARN_NON_LITERAL_NULL_CONVERSION = YES;
				CLANG_WARN_OBJC_IMPLICIT_RETAIN_SELF = YES;
				CLANG_WARN_OBJC_LITERAL_CONVERSION = YES;
				CLANG_WARN_OBJC_ROOT_CLASS = YES_ERROR;
				CLANG_WARN_RANGE_LOOP_ANALYSIS = YES;
				CLANG_WARN_STRICT_PROTOTYPES = YES;
				CLANG_WARN_SUSPICIOUS_MOVE = YES;
				CLANG_WARN_UNGUARDED_AVAILABILITY = YES_AGGRESSIVE;
				CLANG_WARN_UNREACHABLE_CODE = YES;
				CLANG_WARN__DUPLICATE_METHOD_MATCH = YES;
				CODE_SIGN_IDENTITY = "Apple Development";
				COPY_PHASE_STRIP = NO;
				DEBUG_INFORMATION_FORMAT = dwarf;
				ENABLE_STRICT_OBJC_MSGSEND = YES;
				ENABLE_TESTABILITY = YES;
				GCC_C_LANGUAGE_STANDARD = gnu11;
				GCC_DYNAMIC_NO_PIC = NO;
				GCC_NO_COMMON_BLOCKS = YES;
				GCC_OPTIMIZATION_LEVEL = 0;
				GCC_PREPROCESSOR_DEFINITIONS = (
					"DEBUG=1",
					"$(inherited)",
				);
				GCC_WARN_64_TO_32_BIT_CONVERSION = YES;
				GCC_WARN_ABOUT_RETURN_TYPE = YES_ERROR;
				GCC_WARN_UNDECLARED_SELECTOR = YES;
				GCC_WARN_UNINITIALIZED_AUTOS = YES_AGGRESSIVE;
				GCC_WARN_UNUSED_FUNCTION = YES;
				GCC_WARN_UNUSED_VARIABLE = YES;
				IPHONEOS_DEPLOYMENT_TARGET = 12.2;
				MTL_ENABLE_DEBUG_INFO = INCLUDE_SOURCE;
				MTL_FAST_MATH = YES;
				ONLY_ACTIVE_ARCH = YES;
				SDKROOT = iphoneos;
				SWIFT_ACTIVE_COMPILATION_CONDITIONS = DEBUG;
				SWIFT_OPTIMIZATION_LEVEL = "-Onone";
			};
			name = Debug;
		};
		35D6481F22ECBABB00015352 /* Release */ = {
			isa = XCBuildConfiguration;
			buildSettings = {
				ALWAYS_SEARCH_USER_PATHS = NO;
				CLANG_ANALYZER_NONNULL = YES;
				CLANG_ANALYZER_NUMBER_OBJECT_CONVERSION = YES_AGGRESSIVE;
				CLANG_CXX_LANGUAGE_STANDARD = "gnu++14";
				CLANG_CXX_LIBRARY = "libc++";
				CLANG_ENABLE_MODULES = YES;
				CLANG_ENABLE_OBJC_ARC = YES;
				CLANG_ENABLE_OBJC_WEAK = YES;
				CLANG_WARN_BLOCK_CAPTURE_AUTORELEASING = YES;
				CLANG_WARN_BOOL_CONVERSION = YES;
				CLANG_WARN_COMMA = YES;
				CLANG_WARN_CONSTANT_CONVERSION = YES;
				CLANG_WARN_DEPRECATED_OBJC_IMPLEMENTATIONS = YES;
				CLANG_WARN_DIRECT_OBJC_ISA_USAGE = YES_ERROR;
				CLANG_WARN_DOCUMENTATION_COMMENTS = YES;
				CLANG_WARN_EMPTY_BODY = YES;
				CLANG_WARN_ENUM_CONVERSION = YES;
				CLANG_WARN_INFINITE_RECURSION = YES;
				CLANG_WARN_INT_CONVERSION = YES;
				CLANG_WARN_NON_LITERAL_NULL_CONVERSION = YES;
				CLANG_WARN_OBJC_IMPLICIT_RETAIN_SELF = YES;
				CLANG_WARN_OBJC_LITERAL_CONVERSION = YES;
				CLANG_WARN_OBJC_ROOT_CLASS = YES_ERROR;
				CLANG_WARN_RANGE_LOOP_ANALYSIS = YES;
				CLANG_WARN_STRICT_PROTOTYPES = YES;
				CLANG_WARN_SUSPICIOUS_MOVE = YES;
				CLANG_WARN_UNGUARDED_AVAILABILITY = YES_AGGRESSIVE;
				CLANG_WARN_UNREACHABLE_CODE = YES;
				CLANG_WARN__DUPLICATE_METHOD_MATCH = YES;
				CODE_SIGN_IDENTITY = "Apple Development";
				COPY_PHASE_STRIP = NO;
				DEBUG_INFORMATION_FORMAT = "dwarf-with-dsym";
				ENABLE_NS_ASSERTIONS = NO;
				ENABLE_STRICT_OBJC_MSGSEND = YES;
				GCC_C_LANGUAGE_STANDARD = gnu11;
				GCC_NO_COMMON_BLOCKS = YES;
				GCC_WARN_64_TO_32_BIT_CONVERSION = YES;
				GCC_WARN_ABOUT_RETURN_TYPE = YES_ERROR;
				GCC_WARN_UNDECLARED_SELECTOR = YES;
				GCC_WARN_UNINITIALIZED_AUTOS = YES_AGGRESSIVE;
				GCC_WARN_UNUSED_FUNCTION = YES;
				GCC_WARN_UNUSED_VARIABLE = YES;
				IPHONEOS_DEPLOYMENT_TARGET = 12.2;
				MTL_ENABLE_DEBUG_INFO = NO;
				MTL_FAST_MATH = YES;
				SDKROOT = iphoneos;
				SWIFT_COMPILATION_MODE = wholemodule;
				SWIFT_OPTIMIZATION_LEVEL = "-O";
				VALIDATE_PRODUCT = YES;
			};
			name = Release;
		};
		35D6482122ECBABB00015352 /* Debug */ = {
			isa = XCBuildConfiguration;
			baseConfigurationReference = 82C63D4C15BEBDF5A4623CDC /* Pods-Adem.debug.xcconfig */;
			buildSettings = {
				ASSETCATALOG_COMPILER_APPICON_NAME = AppIcon;
				CODE_SIGN_ENTITLEMENTS = Adem/Adem.entitlements;
				CODE_SIGN_STYLE = Automatic;
				DEVELOPMENT_TEAM = N372M2L25B;
				INFOPLIST_FILE = Adem/Info.plist;
				IPHONEOS_DEPLOYMENT_TARGET = 12.2;
				LD_RUNPATH_SEARCH_PATHS = (
					"$(inherited)",
					"@executable_path/Frameworks",
				);
				PRODUCT_BUNDLE_IDENTIFIER = Adem.co.Adem;
				PRODUCT_NAME = "$(TARGET_NAME)";
				SWIFT_VERSION = 5.0;
				TARGETED_DEVICE_FAMILY = "1,2";
			};
			name = Debug;
		};
		35D6482222ECBABB00015352 /* Release */ = {
			isa = XCBuildConfiguration;
			baseConfigurationReference = D2EACE930E2AFBFA0E98C838 /* Pods-Adem.release.xcconfig */;
			buildSettings = {
				ASSETCATALOG_COMPILER_APPICON_NAME = AppIcon;
				CODE_SIGN_ENTITLEMENTS = Adem/Adem.entitlements;
				CODE_SIGN_STYLE = Automatic;
				DEVELOPMENT_TEAM = N372M2L25B;
				INFOPLIST_FILE = Adem/Info.plist;
				IPHONEOS_DEPLOYMENT_TARGET = 12.2;
				LD_RUNPATH_SEARCH_PATHS = (
					"$(inherited)",
					"@executable_path/Frameworks",
				);
				PRODUCT_BUNDLE_IDENTIFIER = Adem.co.Adem;
				PRODUCT_NAME = "$(TARGET_NAME)";
				SWIFT_VERSION = 5.0;
				TARGETED_DEVICE_FAMILY = "1,2";
			};
			name = Release;
		};
		35D6482422ECBABB00015352 /* Debug */ = {
			isa = XCBuildConfiguration;
			baseConfigurationReference = 17D8E3B742ECC6525C2B8DC2 /* Pods-AdemTests.debug.xcconfig */;
			buildSettings = {
				ALWAYS_EMBED_SWIFT_STANDARD_LIBRARIES = YES;
				BUNDLE_LOADER = "$(TEST_HOST)";
				CODE_SIGN_STYLE = Automatic;
				DEVELOPMENT_TEAM = N372M2L25B;
				INFOPLIST_FILE = AdemTests/Info.plist;
				LD_RUNPATH_SEARCH_PATHS = (
					"$(inherited)",
					"@executable_path/Frameworks",
					"@loader_path/Frameworks",
				);
				PRODUCT_BUNDLE_IDENTIFIER = Adem.co.AdemTests;
				PRODUCT_NAME = "$(TARGET_NAME)";
				SWIFT_VERSION = 5.0;
				TARGETED_DEVICE_FAMILY = "1,2";
				TEST_HOST = "$(BUILT_PRODUCTS_DIR)/Adem.app/Adem";
			};
			name = Debug;
		};
		35D6482522ECBABB00015352 /* Release */ = {
			isa = XCBuildConfiguration;
			baseConfigurationReference = 63F44877B52FE6273CC2D5AD /* Pods-AdemTests.release.xcconfig */;
			buildSettings = {
				ALWAYS_EMBED_SWIFT_STANDARD_LIBRARIES = YES;
				BUNDLE_LOADER = "$(TEST_HOST)";
				CODE_SIGN_STYLE = Automatic;
				DEVELOPMENT_TEAM = N372M2L25B;
				INFOPLIST_FILE = AdemTests/Info.plist;
				LD_RUNPATH_SEARCH_PATHS = (
					"$(inherited)",
					"@executable_path/Frameworks",
					"@loader_path/Frameworks",
				);
				PRODUCT_BUNDLE_IDENTIFIER = Adem.co.AdemTests;
				PRODUCT_NAME = "$(TARGET_NAME)";
				SWIFT_VERSION = 5.0;
				TARGETED_DEVICE_FAMILY = "1,2";
				TEST_HOST = "$(BUILT_PRODUCTS_DIR)/Adem.app/Adem";
			};
			name = Release;
		};
		35D6482722ECBABB00015352 /* Debug */ = {
			isa = XCBuildConfiguration;
			baseConfigurationReference = EC1504C2AF72273AA4DE944A /* Pods-Adem-AdemUITests.debug.xcconfig */;
			buildSettings = {
				ALWAYS_EMBED_SWIFT_STANDARD_LIBRARIES = YES;
				CODE_SIGN_STYLE = Automatic;
				DEVELOPMENT_TEAM = N372M2L25B;
				INFOPLIST_FILE = AdemUITests/Info.plist;
				LD_RUNPATH_SEARCH_PATHS = (
					"$(inherited)",
					"@executable_path/Frameworks",
					"@loader_path/Frameworks",
				);
				PRODUCT_BUNDLE_IDENTIFIER = Adem.co.AdemUITests;
				PRODUCT_NAME = "$(TARGET_NAME)";
				SWIFT_VERSION = 5.0;
				TARGETED_DEVICE_FAMILY = "1,2";
				TEST_TARGET_NAME = Adem;
			};
			name = Debug;
		};
		35D6482822ECBABB00015352 /* Release */ = {
			isa = XCBuildConfiguration;
			baseConfigurationReference = 1DED251FCBF3126820DEA5B2 /* Pods-Adem-AdemUITests.release.xcconfig */;
			buildSettings = {
				ALWAYS_EMBED_SWIFT_STANDARD_LIBRARIES = YES;
				CODE_SIGN_STYLE = Automatic;
				DEVELOPMENT_TEAM = N372M2L25B;
				INFOPLIST_FILE = AdemUITests/Info.plist;
				LD_RUNPATH_SEARCH_PATHS = (
					"$(inherited)",
					"@executable_path/Frameworks",
					"@loader_path/Frameworks",
				);
				PRODUCT_BUNDLE_IDENTIFIER = Adem.co.AdemUITests;
				PRODUCT_NAME = "$(TARGET_NAME)";
				SWIFT_VERSION = 5.0;
				TARGETED_DEVICE_FAMILY = "1,2";
				TEST_TARGET_NAME = Adem;
			};
			name = Release;
		};
/* End XCBuildConfiguration section */

/* Begin XCConfigurationList section */
		35D647F022ECBABA00015352 /* Build configuration list for PBXProject "Adem" */ = {
			isa = XCConfigurationList;
			buildConfigurations = (
				35D6481E22ECBABB00015352 /* Debug */,
				35D6481F22ECBABB00015352 /* Release */,
			);
			defaultConfigurationIsVisible = 0;
			defaultConfigurationName = Release;
		};
		35D6482022ECBABB00015352 /* Build configuration list for PBXNativeTarget "Adem" */ = {
			isa = XCConfigurationList;
			buildConfigurations = (
				35D6482122ECBABB00015352 /* Debug */,
				35D6482222ECBABB00015352 /* Release */,
			);
			defaultConfigurationIsVisible = 0;
			defaultConfigurationName = Release;
		};
		35D6482322ECBABB00015352 /* Build configuration list for PBXNativeTarget "AdemTests" */ = {
			isa = XCConfigurationList;
			buildConfigurations = (
				35D6482422ECBABB00015352 /* Debug */,
				35D6482522ECBABB00015352 /* Release */,
			);
			defaultConfigurationIsVisible = 0;
			defaultConfigurationName = Release;
		};
		35D6482622ECBABB00015352 /* Build configuration list for PBXNativeTarget "AdemUITests" */ = {
			isa = XCConfigurationList;
			buildConfigurations = (
				35D6482722ECBABB00015352 /* Debug */,
				35D6482822ECBABB00015352 /* Release */,
			);
			defaultConfigurationIsVisible = 0;
			defaultConfigurationName = Release;
		};
/* End XCConfigurationList section */

/* Begin XCVersionGroup section */
		35D647FF22ECBABA00015352 /* Adem.xcdatamodeld */ = {
			isa = XCVersionGroup;
			children = (
				35D6480022ECBABA00015352 /* Adem.xcdatamodel */,
			);
			currentVersion = 35D6480022ECBABA00015352 /* Adem.xcdatamodel */;
			path = Adem.xcdatamodeld;
			sourceTree = "<group>";
			versionGroupType = wrapper.xcdatamodel;
		};
/* End XCVersionGroup section */
	};
	rootObject = 35D647ED22ECBABA00015352 /* Project object */;
}
