// !$*UTF8*$!
{
	archiveVersion = 1;
	classes = {
	};
	objectVersion = 51;
	objects = {

/* Begin PBXBuildFile section */
		351B8DF32342CA17006CEAE1 /* API.swift in Sources */ = {isa = PBXBuildFile; fileRef = 351B8DF22342CA17006CEAE1 /* API.swift */; };
		351B8DF52342F10A006CEAE1 /* imageText.swift in Sources */ = {isa = PBXBuildFile; fileRef = 351B8DF42342F10A006CEAE1 /* imageText.swift */; };
		351B8DF72343C215006CEAE1 /* ListTVC.swift in Sources */ = {isa = PBXBuildFile; fileRef = 351B8DF62343C215006CEAE1 /* ListTVC.swift */; };
		353C12382301D0E3007DF3BB /* mealsCellLayout.swift in Sources */ = {isa = PBXBuildFile; fileRef = 353C12372301D0E3007DF3BB /* mealsCellLayout.swift */; };
		353C123A2305C20B007DF3BB /* ItemCellLayout.swift in Sources */ = {isa = PBXBuildFile; fileRef = 353C12392305C20B007DF3BB /* ItemCellLayout.swift */; };
		353C123C230CD74B007DF3BB /* pantryProductScreen.swift in Sources */ = {isa = PBXBuildFile; fileRef = 353C123B230CD74B007DF3BB /* pantryProductScreen.swift */; };
		357B35EE23A9CFC100223F51 /* continuedInfo.swift in Sources */ = {isa = PBXBuildFile; fileRef = 357B35ED23A9CFC100223F51 /* continuedInfo.swift */; };
		357B35F023A9DDEA00223F51 /* camera.swift in Sources */ = {isa = PBXBuildFile; fileRef = 357B35EF23A9DDEA00223F51 /* camera.swift */; };
		357B35F223A9DE7000223F51 /* camController.swift in Sources */ = {isa = PBXBuildFile; fileRef = 357B35F123A9DE7000223F51 /* camController.swift */; };
		357B35F423A9DE8E00223F51 /* photoCaptureDelegate.swift in Sources */ = {isa = PBXBuildFile; fileRef = 357B35F323A9DE8E00223F51 /* photoCaptureDelegate.swift */; };
		358C2C5123BB00110013EE64 /* imageVCRecipt.swift in Sources */ = {isa = PBXBuildFile; fileRef = 358C2C5023BB00110013EE64 /* imageVCRecipt.swift */; };
		358C2C5323BE68920013EE64 /* accountComponents.swift in Sources */ = {isa = PBXBuildFile; fileRef = 358C2C5223BE68920013EE64 /* accountComponents.swift */; };
		358C2C5523BFBAC10013EE64 /* ProductsView.swift in Sources */ = {isa = PBXBuildFile; fileRef = 358C2C5423BFBAC10013EE64 /* ProductsView.swift */; };
		3591FBCD23BAD29700C410CF /* camViewController.swift in Sources */ = {isa = PBXBuildFile; fileRef = 3591FBCC23BAD29700C410CF /* camViewController.swift */; };
		3591FBCF23BADA9100C410CF /* OCR.swift in Sources */ = {isa = PBXBuildFile; fileRef = 3591FBCE23BADA9100C410CF /* OCR.swift */; };
		35C3A35823C58E3500E12747 /* listViews.swift in Sources */ = {isa = PBXBuildFile; fileRef = 35C3A35723C58E3500E12747 /* listViews.swift */; };
		35D647F922ECBABA00015352 /* AppDelegate.swift in Sources */ = {isa = PBXBuildFile; fileRef = 35D647F822ECBABA00015352 /* AppDelegate.swift */; };
		35D647FB22ECBABA00015352 /* ViewController.swift in Sources */ = {isa = PBXBuildFile; fileRef = 35D647FA22ECBABA00015352 /* ViewController.swift */; };
		35D647FE22ECBABA00015352 /* Main.storyboard in Resources */ = {isa = PBXBuildFile; fileRef = 35D647FC22ECBABA00015352 /* Main.storyboard */; };
		35D6480122ECBABA00015352 /* Adem.xcdatamodeld in Sources */ = {isa = PBXBuildFile; fileRef = 35D647FF22ECBABA00015352 /* Adem.xcdatamodeld */; };
		35D6480322ECBABB00015352 /* Assets.xcassets in Resources */ = {isa = PBXBuildFile; fileRef = 35D6480222ECBABB00015352 /* Assets.xcassets */; };
		35D6480622ECBABB00015352 /* LaunchScreen.storyboard in Resources */ = {isa = PBXBuildFile; fileRef = 35D6480422ECBABB00015352 /* LaunchScreen.storyboard */; };
		35D6481122ECBABB00015352 /* AdemTests.swift in Sources */ = {isa = PBXBuildFile; fileRef = 35D6481022ECBABB00015352 /* AdemTests.swift */; };
		35D6481C22ECBABB00015352 /* AdemUITests.swift in Sources */ = {isa = PBXBuildFile; fileRef = 35D6481B22ECBABB00015352 /* AdemUITests.swift */; };
		35D6482B22ECBAE800015352 /* TableViewTest.swift in Sources */ = {isa = PBXBuildFile; fileRef = 35D6482A22ECBAE800015352 /* TableViewTest.swift */; };
		35D6482D22ECBB0300015352 /* TestingAccount.swift in Sources */ = {isa = PBXBuildFile; fileRef = 35D6482C22ECBB0300015352 /* TestingAccount.swift */; };
		35D6482F22ECBB1500015352 /* productCell.swift in Sources */ = {isa = PBXBuildFile; fileRef = 35D6482E22ECBB1500015352 /* productCell.swift */; };
		35D6483222ECBB3500015352 /* AccountVCOld.swift in Sources */ = {isa = PBXBuildFile; fileRef = 35D6483122ECBB3500015352 /* AccountVCOld.swift */; };
		35D6483422ECBB4600015352 /* profileVC.swift in Sources */ = {isa = PBXBuildFile; fileRef = 35D6483322ECBB4600015352 /* profileVC.swift */; };
		35D6483722ECBBF300015352 /* Custom Alert.swift in Sources */ = {isa = PBXBuildFile; fileRef = 35D6483622ECBBF300015352 /* Custom Alert.swift */; };
		35D6483B22ECBC2300015352 /* Circle Trasition.swift in Sources */ = {isa = PBXBuildFile; fileRef = 35D6483A22ECBC2300015352 /* Circle Trasition.swift */; };
		35D6483D22ECBC3900015352 /* CircleTransition.swift in Sources */ = {isa = PBXBuildFile; fileRef = 35D6483C22ECBC3900015352 /* CircleTransition.swift */; };
		35D6483F22ECBC4E00015352 /* swipe.swift in Sources */ = {isa = PBXBuildFile; fileRef = 35D6483E22ECBC4E00015352 /* swipe.swift */; };
		35D6484222ECBC8600015352 /* SignUpInfo.swift in Sources */ = {isa = PBXBuildFile; fileRef = 35D6484122ECBC8600015352 /* SignUpInfo.swift */; };
		35D6484522ECBCA700015352 /* Color.swift in Sources */ = {isa = PBXBuildFile; fileRef = 35D6484422ECBCA700015352 /* Color.swift */; };
		35D6484722ECBCBA00015352 /* Design.Elements.swift in Sources */ = {isa = PBXBuildFile; fileRef = 35D6484622ECBCBA00015352 /* Design.Elements.swift */; };
		35D6484922ECBCCC00015352 /* AppDelegateUserLogin.swift in Sources */ = {isa = PBXBuildFile; fileRef = 35D6484822ECBCCC00015352 /* AppDelegateUserLogin.swift */; };
		35D6484C22ECBCEB00015352 /* Delete cell extension.swift in Sources */ = {isa = PBXBuildFile; fileRef = 35D6484B22ECBCEB00015352 /* Delete cell extension.swift */; };
		35D6484E22ECBD1300015352 /* toolBar.swift in Sources */ = {isa = PBXBuildFile; fileRef = 35D6484D22ECBD1300015352 /* toolBar.swift */; };
		35D6485122ECBD4E00015352 /* Login Screen.swift in Sources */ = {isa = PBXBuildFile; fileRef = 35D6485022ECBD4E00015352 /* Login Screen.swift */; };
		35D6485322ECBD5D00015352 /* ListVC.swift in Sources */ = {isa = PBXBuildFile; fileRef = 35D6485222ECBD5D00015352 /* ListVC.swift */; };
		35D6485522ECBD7400015352 /* ItemVC.swift in Sources */ = {isa = PBXBuildFile; fileRef = 35D6485422ECBD7400015352 /* ItemVC.swift */; };
		35D6485722ECBD8700015352 /* PantryVC.swift in Sources */ = {isa = PBXBuildFile; fileRef = 35D6485622ECBD8700015352 /* PantryVC.swift */; };
		35D6485922ECBDA300015352 /* Meals.swift in Sources */ = {isa = PBXBuildFile; fileRef = 35D6485822ECBDA300015352 /* Meals.swift */; };
		35D6485B22ECBDBA00015352 /* AccountVC.swift in Sources */ = {isa = PBXBuildFile; fileRef = 35D6485A22ECBDBA00015352 /* AccountVC.swift */; };
		35D6485D22ECBDC900015352 /* tabController.swift in Sources */ = {isa = PBXBuildFile; fileRef = 35D6485C22ECBDC900015352 /* tabController.swift */; };
		35D6486122ECBDEF00015352 /* settingVC.swift in Sources */ = {isa = PBXBuildFile; fileRef = 35D6486022ECBDEF00015352 /* settingVC.swift */; };
		35D6486322ECBE0200015352 /* SearchVC.swift in Sources */ = {isa = PBXBuildFile; fileRef = 35D6486222ECBE0200015352 /* SearchVC.swift */; };
		35D6486A22ECBE5B00015352 /* AcctCellDesign.swift in Sources */ = {isa = PBXBuildFile; fileRef = 35D6486922ECBE5B00015352 /* AcctCellDesign.swift */; };
		35D6486C22ECBE7100015352 /* ProductCell.swift in Sources */ = {isa = PBXBuildFile; fileRef = 35D6486B22ECBE7100015352 /* ProductCell.swift */; };
		35D6486F22ECBE9500015352 /* tabBar.swift in Sources */ = {isa = PBXBuildFile; fileRef = 35D6486E22ECBE9500015352 /* tabBar.swift */; };
		35D6487122ECBEA700015352 /* CellLayout.swift in Sources */ = {isa = PBXBuildFile; fileRef = 35D6487022ECBEA700015352 /* CellLayout.swift */; };
		35D6487322ECBEB900015352 /* AcctElements.swift in Sources */ = {isa = PBXBuildFile; fileRef = 35D6487222ECBEB900015352 /* AcctElements.swift */; };
		35D6487522ECBEC700015352 /* ItemLayout.swift in Sources */ = {isa = PBXBuildFile; fileRef = 35D6487422ECBEC700015352 /* ItemLayout.swift */; };
		35D6487722ECBED700015352 /* settingsLayout.swift in Sources */ = {isa = PBXBuildFile; fileRef = 35D6487622ECBED700015352 /* settingsLayout.swift */; };
		35D6487922ECBEE800015352 /* pantryCellLayout.swift in Sources */ = {isa = PBXBuildFile; fileRef = 35D6487822ECBEE800015352 /* pantryCellLayout.swift */; };
		35D6487B22ECBEFE00015352 /* ItemVCLayout.swift in Sources */ = {isa = PBXBuildFile; fileRef = 35D6487A22ECBEFE00015352 /* ItemVCLayout.swift */; };
		35D6487D22ECBF0D00015352 /* accountViews.swift in Sources */ = {isa = PBXBuildFile; fileRef = 35D6487C22ECBF0D00015352 /* accountViews.swift */; };
		35D6488522ECBF6300015352 /* DynamicAttributes.swift in Sources */ = {isa = PBXBuildFile; fileRef = 35D6488422ECBF6300015352 /* DynamicAttributes.swift */; };
		35D6488722ECBF7300015352 /* Products.swift in Sources */ = {isa = PBXBuildFile; fileRef = 35D6488622ECBF7300015352 /* Products.swift */; };
		35D6488922ECBF8600015352 /* PantryDataModel.swift in Sources */ = {isa = PBXBuildFile; fileRef = 35D6488822ECBF8600015352 /* PantryDataModel.swift */; };
		35D6488F22ECBFD200015352 /* FirebaseFiles.swift in Sources */ = {isa = PBXBuildFile; fileRef = 35D6488E22ECBFD200015352 /* FirebaseFiles.swift */; };
		35D6489222ECBFFD00015352 /* FriendsLayout.swift in Sources */ = {isa = PBXBuildFile; fileRef = 35D6489122ECBFFD00015352 /* FriendsLayout.swift */; };
		35D6489422ECC01400015352 /* SettingTVC.swift in Sources */ = {isa = PBXBuildFile; fileRef = 35D6489322ECC01400015352 /* SettingTVC.swift */; };
		35D6489A22ECF8CC00015352 /* GoogleService-Info.plist in Resources */ = {isa = PBXBuildFile; fileRef = 35D6489922ECF8CC00015352 /* GoogleService-Info.plist */; };
		35DE93B4234AC37A000B2BE8 /* circularProgressBar.swift in Sources */ = {isa = PBXBuildFile; fileRef = 35DE93B3234AC37A000B2BE8 /* circularProgressBar.swift */; };
		35FDD16A23C4102200A85023 /* listProduct.swift in Sources */ = {isa = PBXBuildFile; fileRef = 35FDD16923C4102200A85023 /* listProduct.swift */; };
		5E2C21DEDCB99D8ACB64F84C /* Pods_Adem.framework in Frameworks */ = {isa = PBXBuildFile; fileRef = 552FA8DCCC99612FFFFF0E7C /* Pods_Adem.framework */; };
		723B0AC4CAA30209E8DE6F04 /* Pods_AdemUITests.framework in Frameworks */ = {isa = PBXBuildFile; fileRef = EE9B64C42DC6A7F3895662EC /* Pods_AdemUITests.framework */; };
		9290EA1B6B1AB70595BF479B /* Pods_AdemTests.framework in Frameworks */ = {isa = PBXBuildFile; fileRef = EC95AA97B539CF189A3A1199 /* Pods_AdemTests.framework */; };
/* End PBXBuildFile section */

/* Begin PBXContainerItemProxy section */
		35D6480D22ECBABB00015352 /* PBXContainerItemProxy */ = {
			isa = PBXContainerItemProxy;
			containerPortal = 35D647ED22ECBABA00015352 /* Project object */;
			proxyType = 1;
			remoteGlobalIDString = 35D647F422ECBABA00015352;
			remoteInfo = Adem;
		};
		35D6481822ECBABB00015352 /* PBXContainerItemProxy */ = {
			isa = PBXContainerItemProxy;
			containerPortal = 35D647ED22ECBABA00015352 /* Project object */;
			proxyType = 1;
			remoteGlobalIDString = 35D647F422ECBABA00015352;
			remoteInfo = Adem;
		};
/* End PBXContainerItemProxy section */

/* Begin PBXFileReference section */
		0A54AFA40FFA6A5351829C21 /* Pods-AdemTests.debug.xcconfig */ = {isa = PBXFileReference; includeInIndex = 1; lastKnownFileType = text.xcconfig; name = "Pods-AdemTests.debug.xcconfig"; path = "Target Support Files/Pods-AdemTests/Pods-AdemTests.debug.xcconfig"; sourceTree = "<group>"; };
		187913B8C17B384F222CAF49 /* Pods-Adem.release.xcconfig */ = {isa = PBXFileReference; includeInIndex = 1; lastKnownFileType = text.xcconfig; name = "Pods-Adem.release.xcconfig"; path = "Target Support Files/Pods-Adem/Pods-Adem.release.xcconfig"; sourceTree = "<group>"; };
		3094CA93057F1C3C582F7E2E /* Pods-AdemTests.release.xcconfig */ = {isa = PBXFileReference; includeInIndex = 1; lastKnownFileType = text.xcconfig; name = "Pods-AdemTests.release.xcconfig"; path = "Target Support Files/Pods-AdemTests/Pods-AdemTests.release.xcconfig"; sourceTree = "<group>"; };
		351B8DF22342CA17006CEAE1 /* API.swift */ = {isa = PBXFileReference; lastKnownFileType = sourcecode.swift; path = API.swift; sourceTree = "<group>"; };
		351B8DF42342F10A006CEAE1 /* imageText.swift */ = {isa = PBXFileReference; lastKnownFileType = sourcecode.swift; path = imageText.swift; sourceTree = "<group>"; };
		351B8DF62343C215006CEAE1 /* ListTVC.swift */ = {isa = PBXFileReference; lastKnownFileType = sourcecode.swift; path = ListTVC.swift; sourceTree = "<group>"; };
		353C123422FF5C84007DF3BB /* Adem.entitlements */ = {isa = PBXFileReference; lastKnownFileType = text.plist.entitlements; path = Adem.entitlements; sourceTree = "<group>"; };
		353C12372301D0E3007DF3BB /* mealsCellLayout.swift */ = {isa = PBXFileReference; lastKnownFileType = sourcecode.swift; path = mealsCellLayout.swift; sourceTree = "<group>"; };
		353C12392305C20B007DF3BB /* ItemCellLayout.swift */ = {isa = PBXFileReference; lastKnownFileType = sourcecode.swift; path = ItemCellLayout.swift; sourceTree = "<group>"; };
		353C123B230CD74B007DF3BB /* pantryProductScreen.swift */ = {isa = PBXFileReference; lastKnownFileType = sourcecode.swift; path = pantryProductScreen.swift; sourceTree = "<group>"; };
		357B35ED23A9CFC100223F51 /* continuedInfo.swift */ = {isa = PBXFileReference; lastKnownFileType = sourcecode.swift; path = continuedInfo.swift; sourceTree = "<group>"; };
		357B35EF23A9DDEA00223F51 /* camera.swift */ = {isa = PBXFileReference; lastKnownFileType = sourcecode.swift; path = camera.swift; sourceTree = "<group>"; };
		357B35F123A9DE7000223F51 /* camController.swift */ = {isa = PBXFileReference; lastKnownFileType = sourcecode.swift; path = camController.swift; sourceTree = "<group>"; };
		357B35F323A9DE8E00223F51 /* photoCaptureDelegate.swift */ = {isa = PBXFileReference; lastKnownFileType = sourcecode.swift; path = photoCaptureDelegate.swift; sourceTree = "<group>"; };
		358C2C5023BB00110013EE64 /* imageVCRecipt.swift */ = {isa = PBXFileReference; lastKnownFileType = sourcecode.swift; path = imageVCRecipt.swift; sourceTree = "<group>"; };
		358C2C5223BE68920013EE64 /* accountComponents.swift */ = {isa = PBXFileReference; lastKnownFileType = sourcecode.swift; path = accountComponents.swift; sourceTree = "<group>"; };
		358C2C5423BFBAC10013EE64 /* ProductsView.swift */ = {isa = PBXFileReference; lastKnownFileType = sourcecode.swift; path = ProductsView.swift; sourceTree = "<group>"; };
		3591FBCC23BAD29700C410CF /* camViewController.swift */ = {isa = PBXFileReference; lastKnownFileType = sourcecode.swift; path = camViewController.swift; sourceTree = "<group>"; };
		3591FBCE23BADA9100C410CF /* OCR.swift */ = {isa = PBXFileReference; lastKnownFileType = sourcecode.swift; path = OCR.swift; sourceTree = "<group>"; };
		35C3A35723C58E3500E12747 /* listViews.swift */ = {isa = PBXFileReference; lastKnownFileType = sourcecode.swift; path = listViews.swift; sourceTree = "<group>"; };
		35D647F522ECBABA00015352 /* Adem.app */ = {isa = PBXFileReference; explicitFileType = wrapper.application; includeInIndex = 0; path = Adem.app; sourceTree = BUILT_PRODUCTS_DIR; };
		35D647F822ECBABA00015352 /* AppDelegate.swift */ = {isa = PBXFileReference; lastKnownFileType = sourcecode.swift; path = AppDelegate.swift; sourceTree = "<group>"; };
		35D647FA22ECBABA00015352 /* ViewController.swift */ = {isa = PBXFileReference; lastKnownFileType = sourcecode.swift; path = ViewController.swift; sourceTree = "<group>"; };
		35D647FD22ECBABA00015352 /* Base */ = {isa = PBXFileReference; lastKnownFileType = file.storyboard; name = Base; path = Base.lproj/Main.storyboard; sourceTree = "<group>"; };
		35D6480022ECBABA00015352 /* Adem.xcdatamodel */ = {isa = PBXFileReference; lastKnownFileType = wrapper.xcdatamodel; path = Adem.xcdatamodel; sourceTree = "<group>"; };
		35D6480222ECBABB00015352 /* Assets.xcassets */ = {isa = PBXFileReference; lastKnownFileType = folder.assetcatalog; path = Assets.xcassets; sourceTree = "<group>"; };
		35D6480522ECBABB00015352 /* Base */ = {isa = PBXFileReference; lastKnownFileType = file.storyboard; name = Base; path = Base.lproj/LaunchScreen.storyboard; sourceTree = "<group>"; };
		35D6480722ECBABB00015352 /* Info.plist */ = {isa = PBXFileReference; lastKnownFileType = text.plist.xml; path = Info.plist; sourceTree = "<group>"; };
		35D6480C22ECBABB00015352 /* AdemTests.xctest */ = {isa = PBXFileReference; explicitFileType = wrapper.cfbundle; includeInIndex = 0; path = AdemTests.xctest; sourceTree = BUILT_PRODUCTS_DIR; };
		35D6481022ECBABB00015352 /* AdemTests.swift */ = {isa = PBXFileReference; lastKnownFileType = sourcecode.swift; path = AdemTests.swift; sourceTree = "<group>"; };
		35D6481222ECBABB00015352 /* Info.plist */ = {isa = PBXFileReference; lastKnownFileType = text.plist.xml; path = Info.plist; sourceTree = "<group>"; };
		35D6481722ECBABB00015352 /* AdemUITests.xctest */ = {isa = PBXFileReference; explicitFileType = wrapper.cfbundle; includeInIndex = 0; path = AdemUITests.xctest; sourceTree = BUILT_PRODUCTS_DIR; };
		35D6481B22ECBABB00015352 /* AdemUITests.swift */ = {isa = PBXFileReference; lastKnownFileType = sourcecode.swift; path = AdemUITests.swift; sourceTree = "<group>"; };
		35D6481D22ECBABB00015352 /* Info.plist */ = {isa = PBXFileReference; lastKnownFileType = text.plist.xml; path = Info.plist; sourceTree = "<group>"; };
		35D6482A22ECBAE800015352 /* TableViewTest.swift */ = {isa = PBXFileReference; lastKnownFileType = sourcecode.swift; path = TableViewTest.swift; sourceTree = "<group>"; };
		35D6482C22ECBB0300015352 /* TestingAccount.swift */ = {isa = PBXFileReference; lastKnownFileType = sourcecode.swift; path = TestingAccount.swift; sourceTree = "<group>"; };
		35D6482E22ECBB1500015352 /* productCell.swift */ = {isa = PBXFileReference; lastKnownFileType = sourcecode.swift; path = productCell.swift; sourceTree = "<group>"; };
		35D6483122ECBB3500015352 /* AccountVCOld.swift */ = {isa = PBXFileReference; lastKnownFileType = sourcecode.swift; path = AccountVCOld.swift; sourceTree = "<group>"; };
		35D6483322ECBB4600015352 /* profileVC.swift */ = {isa = PBXFileReference; lastKnownFileType = sourcecode.swift; path = profileVC.swift; sourceTree = "<group>"; };
		35D6483622ECBBF300015352 /* Custom Alert.swift */ = {isa = PBXFileReference; lastKnownFileType = sourcecode.swift; path = "Custom Alert.swift"; sourceTree = "<group>"; };
		35D6483A22ECBC2300015352 /* Circle Trasition.swift */ = {isa = PBXFileReference; lastKnownFileType = sourcecode.swift; path = "Circle Trasition.swift"; sourceTree = "<group>"; };
		35D6483C22ECBC3900015352 /* CircleTransition.swift */ = {isa = PBXFileReference; lastKnownFileType = sourcecode.swift; path = CircleTransition.swift; sourceTree = "<group>"; };
		35D6483E22ECBC4E00015352 /* swipe.swift */ = {isa = PBXFileReference; lastKnownFileType = sourcecode.swift; path = swipe.swift; sourceTree = "<group>"; };
		35D6484122ECBC8600015352 /* SignUpInfo.swift */ = {isa = PBXFileReference; lastKnownFileType = sourcecode.swift; path = SignUpInfo.swift; sourceTree = "<group>"; };
		35D6484422ECBCA700015352 /* Color.swift */ = {isa = PBXFileReference; lastKnownFileType = sourcecode.swift; path = Color.swift; sourceTree = "<group>"; };
		35D6484622ECBCBA00015352 /* Design.Elements.swift */ = {isa = PBXFileReference; lastKnownFileType = sourcecode.swift; path = Design.Elements.swift; sourceTree = "<group>"; };
		35D6484822ECBCCC00015352 /* AppDelegateUserLogin.swift */ = {isa = PBXFileReference; lastKnownFileType = sourcecode.swift; path = AppDelegateUserLogin.swift; sourceTree = "<group>"; };
		35D6484B22ECBCEB00015352 /* Delete cell extension.swift */ = {isa = PBXFileReference; lastKnownFileType = sourcecode.swift; path = "Delete cell extension.swift"; sourceTree = "<group>"; };
		35D6484D22ECBD1300015352 /* toolBar.swift */ = {isa = PBXFileReference; lastKnownFileType = sourcecode.swift; path = toolBar.swift; sourceTree = "<group>"; };
		35D6485022ECBD4E00015352 /* Login Screen.swift */ = {isa = PBXFileReference; lastKnownFileType = sourcecode.swift; path = "Login Screen.swift"; sourceTree = "<group>"; };
		35D6485222ECBD5D00015352 /* ListVC.swift */ = {isa = PBXFileReference; lastKnownFileType = sourcecode.swift; path = ListVC.swift; sourceTree = "<group>"; };
		35D6485422ECBD7400015352 /* ItemVC.swift */ = {isa = PBXFileReference; lastKnownFileType = sourcecode.swift; path = ItemVC.swift; sourceTree = "<group>"; };
		35D6485622ECBD8700015352 /* PantryVC.swift */ = {isa = PBXFileReference; lastKnownFileType = sourcecode.swift; path = PantryVC.swift; sourceTree = "<group>"; };
		35D6485822ECBDA300015352 /* Meals.swift */ = {isa = PBXFileReference; lastKnownFileType = sourcecode.swift; path = Meals.swift; sourceTree = "<group>"; };
		35D6485A22ECBDBA00015352 /* AccountVC.swift */ = {isa = PBXFileReference; lastKnownFileType = sourcecode.swift; path = AccountVC.swift; sourceTree = "<group>"; };
		35D6485C22ECBDC900015352 /* tabController.swift */ = {isa = PBXFileReference; lastKnownFileType = sourcecode.swift; path = tabController.swift; sourceTree = "<group>"; };
		35D6486022ECBDEF00015352 /* settingVC.swift */ = {isa = PBXFileReference; lastKnownFileType = sourcecode.swift; path = settingVC.swift; sourceTree = "<group>"; };
		35D6486222ECBE0200015352 /* SearchVC.swift */ = {isa = PBXFileReference; lastKnownFileType = sourcecode.swift; path = SearchVC.swift; sourceTree = "<group>"; };
		35D6486922ECBE5B00015352 /* AcctCellDesign.swift */ = {isa = PBXFileReference; lastKnownFileType = sourcecode.swift; path = AcctCellDesign.swift; sourceTree = "<group>"; };
		35D6486B22ECBE7100015352 /* ProductCell.swift */ = {isa = PBXFileReference; lastKnownFileType = sourcecode.swift; path = ProductCell.swift; sourceTree = "<group>"; };
		35D6486E22ECBE9500015352 /* tabBar.swift */ = {isa = PBXFileReference; lastKnownFileType = sourcecode.swift; path = tabBar.swift; sourceTree = "<group>"; };
		35D6487022ECBEA700015352 /* CellLayout.swift */ = {isa = PBXFileReference; lastKnownFileType = sourcecode.swift; path = CellLayout.swift; sourceTree = "<group>"; };
		35D6487222ECBEB900015352 /* AcctElements.swift */ = {isa = PBXFileReference; lastKnownFileType = sourcecode.swift; path = AcctElements.swift; sourceTree = "<group>"; };
		35D6487422ECBEC700015352 /* ItemLayout.swift */ = {isa = PBXFileReference; lastKnownFileType = sourcecode.swift; path = ItemLayout.swift; sourceTree = "<group>"; };
		35D6487622ECBED700015352 /* settingsLayout.swift */ = {isa = PBXFileReference; lastKnownFileType = sourcecode.swift; path = settingsLayout.swift; sourceTree = "<group>"; };
		35D6487822ECBEE800015352 /* pantryCellLayout.swift */ = {isa = PBXFileReference; lastKnownFileType = sourcecode.swift; path = pantryCellLayout.swift; sourceTree = "<group>"; };
		35D6487A22ECBEFE00015352 /* ItemVCLayout.swift */ = {isa = PBXFileReference; lastKnownFileType = sourcecode.swift; path = ItemVCLayout.swift; sourceTree = "<group>"; };
		35D6487C22ECBF0D00015352 /* accountViews.swift */ = {isa = PBXFileReference; lastKnownFileType = sourcecode.swift; path = accountViews.swift; sourceTree = "<group>"; };
		35D6488422ECBF6300015352 /* DynamicAttributes.swift */ = {isa = PBXFileReference; lastKnownFileType = sourcecode.swift; path = DynamicAttributes.swift; sourceTree = "<group>"; };
		35D6488622ECBF7300015352 /* Products.swift */ = {isa = PBXFileReference; lastKnownFileType = sourcecode.swift; path = Products.swift; sourceTree = "<group>"; };
		35D6488822ECBF8600015352 /* PantryDataModel.swift */ = {isa = PBXFileReference; lastKnownFileType = sourcecode.swift; path = PantryDataModel.swift; sourceTree = "<group>"; };
		35D6488E22ECBFD200015352 /* FirebaseFiles.swift */ = {isa = PBXFileReference; lastKnownFileType = sourcecode.swift; path = FirebaseFiles.swift; sourceTree = "<group>"; };
		35D6489122ECBFFD00015352 /* FriendsLayout.swift */ = {isa = PBXFileReference; lastKnownFileType = sourcecode.swift; path = FriendsLayout.swift; sourceTree = "<group>"; };
		35D6489322ECC01400015352 /* SettingTVC.swift */ = {isa = PBXFileReference; lastKnownFileType = sourcecode.swift; path = SettingTVC.swift; sourceTree = "<group>"; };
		35D6489922ECF8CC00015352 /* GoogleService-Info.plist */ = {isa = PBXFileReference; fileEncoding = 4; lastKnownFileType = text.plist.xml; name = "GoogleService-Info.plist"; path = "../../GoogleService-Info.plist"; sourceTree = "<group>"; };
		35DE93B3234AC37A000B2BE8 /* circularProgressBar.swift */ = {isa = PBXFileReference; lastKnownFileType = sourcecode.swift; path = circularProgressBar.swift; sourceTree = "<group>"; };
		35FDD16923C4102200A85023 /* listProduct.swift */ = {isa = PBXFileReference; lastKnownFileType = sourcecode.swift; path = listProduct.swift; sourceTree = "<group>"; };
		552FA8DCCC99612FFFFF0E7C /* Pods_Adem.framework */ = {isa = PBXFileReference; explicitFileType = wrapper.framework; includeInIndex = 0; path = Pods_Adem.framework; sourceTree = BUILT_PRODUCTS_DIR; };
		641E0606A6B657153B72FDF6 /* Pods-AdemUITests.debug.xcconfig */ = {isa = PBXFileReference; includeInIndex = 1; lastKnownFileType = text.xcconfig; name = "Pods-AdemUITests.debug.xcconfig"; path = "Target Support Files/Pods-AdemUITests/Pods-AdemUITests.debug.xcconfig"; sourceTree = "<group>"; };
		A58BFA409D4C4787278BC2BF /* Pods-Adem.debug.xcconfig */ = {isa = PBXFileReference; includeInIndex = 1; lastKnownFileType = text.xcconfig; name = "Pods-Adem.debug.xcconfig"; path = "Target Support Files/Pods-Adem/Pods-Adem.debug.xcconfig"; sourceTree = "<group>"; };
		B2E821B510DD9161ACACCA06 /* Pods-AdemUITests.release.xcconfig */ = {isa = PBXFileReference; includeInIndex = 1; lastKnownFileType = text.xcconfig; name = "Pods-AdemUITests.release.xcconfig"; path = "Target Support Files/Pods-AdemUITests/Pods-AdemUITests.release.xcconfig"; sourceTree = "<group>"; };
		EC95AA97B539CF189A3A1199 /* Pods_AdemTests.framework */ = {isa = PBXFileReference; explicitFileType = wrapper.framework; includeInIndex = 0; path = Pods_AdemTests.framework; sourceTree = BUILT_PRODUCTS_DIR; };
		EE9B64C42DC6A7F3895662EC /* Pods_AdemUITests.framework */ = {isa = PBXFileReference; explicitFileType = wrapper.framework; includeInIndex = 0; path = Pods_AdemUITests.framework; sourceTree = BUILT_PRODUCTS_DIR; };
/* End PBXFileReference section */

/* Begin PBXFrameworksBuildPhase section */
		35D647F222ECBABA00015352 /* Frameworks */ = {
			isa = PBXFrameworksBuildPhase;
			buildActionMask = 2147483647;
			files = (
				5E2C21DEDCB99D8ACB64F84C /* Pods_Adem.framework in Frameworks */,
			);
			runOnlyForDeploymentPostprocessing = 0;
		};
		35D6480922ECBABB00015352 /* Frameworks */ = {
			isa = PBXFrameworksBuildPhase;
			buildActionMask = 2147483647;
			files = (
				9290EA1B6B1AB70595BF479B /* Pods_AdemTests.framework in Frameworks */,
			);
			runOnlyForDeploymentPostprocessing = 0;
		};
		35D6481422ECBABB00015352 /* Frameworks */ = {
			isa = PBXFrameworksBuildPhase;
			buildActionMask = 2147483647;
			files = (
				723B0AC4CAA30209E8DE6F04 /* Pods_AdemUITests.framework in Frameworks */,
			);
			runOnlyForDeploymentPostprocessing = 0;
		};
/* End PBXFrameworksBuildPhase section */

/* Begin PBXGroup section */
		1D43822B82206F73822B15FC /* Frameworks */ = {
			isa = PBXGroup;
			children = (
				552FA8DCCC99612FFFFF0E7C /* Pods_Adem.framework */,
				EC95AA97B539CF189A3A1199 /* Pods_AdemTests.framework */,
				EE9B64C42DC6A7F3895662EC /* Pods_AdemUITests.framework */,
			);
			name = Frameworks;
			sourceTree = "<group>";
		};
		35D647EC22ECBABA00015352 = {
			isa = PBXGroup;
			children = (
				35D647F722ECBABA00015352 /* Adem */,
				35D6480F22ECBABB00015352 /* AdemTests */,
				35D6481A22ECBABB00015352 /* AdemUITests */,
				35D647F622ECBABA00015352 /* Products */,
				CF1060BDE40AB13353C161FE /* Pods */,
				1D43822B82206F73822B15FC /* Frameworks */,
			);
			sourceTree = "<group>";
		};
		35D647F622ECBABA00015352 /* Products */ = {
			isa = PBXGroup;
			children = (
				35D647F522ECBABA00015352 /* Adem.app */,
				35D6480C22ECBABB00015352 /* AdemTests.xctest */,
				35D6481722ECBABB00015352 /* AdemUITests.xctest */,
			);
			name = Products;
			sourceTree = "<group>";
		};
		35D647F722ECBABA00015352 /* Adem */ = {
			isa = PBXGroup;
			children = (
				353C123422FF5C84007DF3BB /* Adem.entitlements */,
				35D6484022ECBC7300015352 /* Account Creation */,
				35D6489022ECBFDD00015352 /* TableViewControllers */,
				35D6488A22ECBF9300015352 /* Camera */,
				35D6488322ECBF5800015352 /* Model */,
				35D6487E22ECBF2300015352 /* Services */,
				35D6486822ECBE4600015352 /* Views */,
				35D6484F22ECBD3900015352 /* Controllers */,
				35D6484322ECBC9100015352 /* Extensions */,
				35D6483922ECBC0800015352 /* Transition */,
				35D6483522ECBBDD00015352 /* Alert */,
				35D6482922ECBADA00015352 /* Review for Delete */,
				35D647F822ECBABA00015352 /* AppDelegate.swift */,
				35D647FA22ECBABA00015352 /* ViewController.swift */,
				35D6489922ECF8CC00015352 /* GoogleService-Info.plist */,
				35D647FC22ECBABA00015352 /* Main.storyboard */,
				35D6480222ECBABB00015352 /* Assets.xcassets */,
				35D6480422ECBABB00015352 /* LaunchScreen.storyboard */,
				35D6480722ECBABB00015352 /* Info.plist */,
				35D647FF22ECBABA00015352 /* Adem.xcdatamodeld */,
			);
			path = Adem;
			sourceTree = "<group>";
		};
		35D6480F22ECBABB00015352 /* AdemTests */ = {
			isa = PBXGroup;
			children = (
				35D6481022ECBABB00015352 /* AdemTests.swift */,
				35D6481222ECBABB00015352 /* Info.plist */,
			);
			path = AdemTests;
			sourceTree = "<group>";
		};
		35D6481A22ECBABB00015352 /* AdemUITests */ = {
			isa = PBXGroup;
			children = (
				35D6481B22ECBABB00015352 /* AdemUITests.swift */,
				35D6481D22ECBABB00015352 /* Info.plist */,
			);
			path = AdemUITests;
			sourceTree = "<group>";
		};
		35D6482922ECBADA00015352 /* Review for Delete */ = {
			isa = PBXGroup;
			children = (
				35D6486222ECBE0200015352 /* SearchVC.swift */,
				35D6486E22ECBE9500015352 /* tabBar.swift */,
				35D6487222ECBEB900015352 /* AcctElements.swift */,
				35D6482A22ECBAE800015352 /* TableViewTest.swift */,
				35D6482C22ECBB0300015352 /* TestingAccount.swift */,
				35D6482E22ECBB1500015352 /* productCell.swift */,
				35D6483122ECBB3500015352 /* AccountVCOld.swift */,
				35D6483322ECBB4600015352 /* profileVC.swift */,
			);
			path = "Review for Delete";
			sourceTree = "<group>";
		};
		35D6483522ECBBDD00015352 /* Alert */ = {
			isa = PBXGroup;
			children = (
				35D6483622ECBBF300015352 /* Custom Alert.swift */,
				35DE93B3234AC37A000B2BE8 /* circularProgressBar.swift */,
			);
			path = Alert;
			sourceTree = "<group>";
		};
		35D6483922ECBC0800015352 /* Transition */ = {
			isa = PBXGroup;
			children = (
				35D6483A22ECBC2300015352 /* Circle Trasition.swift */,
				35D6483C22ECBC3900015352 /* CircleTransition.swift */,
				35D6483E22ECBC4E00015352 /* swipe.swift */,
			);
			path = Transition;
			sourceTree = "<group>";
		};
		35D6484022ECBC7300015352 /* Account Creation */ = {
			isa = PBXGroup;
			children = (
				35D6485022ECBD4E00015352 /* Login Screen.swift */,
				35D6484122ECBC8600015352 /* SignUpInfo.swift */,
				357B35ED23A9CFC100223F51 /* continuedInfo.swift */,
				358C2C5223BE68920013EE64 /* accountComponents.swift */,
			);
			path = "Account Creation";
			sourceTree = "<group>";
		};
		35D6484322ECBC9100015352 /* Extensions */ = {
			isa = PBXGroup;
			children = (
				35D6484422ECBCA700015352 /* Color.swift */,
				35D6484622ECBCBA00015352 /* Design.Elements.swift */,
				35D6484822ECBCCC00015352 /* AppDelegateUserLogin.swift */,
				35D6484B22ECBCEB00015352 /* Delete cell extension.swift */,
				35D6484D22ECBD1300015352 /* toolBar.swift */,
			);
			path = Extensions;
			sourceTree = "<group>";
		};
		35D6484F22ECBD3900015352 /* Controllers */ = {
			isa = PBXGroup;
			children = (
				35D6485222ECBD5D00015352 /* ListVC.swift */,
				35D6485422ECBD7400015352 /* ItemVC.swift */,
				35D6485622ECBD8700015352 /* PantryVC.swift */,
				35D6485822ECBDA300015352 /* Meals.swift */,
				35D6485A22ECBDBA00015352 /* AccountVC.swift */,
				35D6485C22ECBDC900015352 /* tabController.swift */,
				35FDD16923C4102200A85023 /* listProduct.swift */,
			);
			path = Controllers;
			sourceTree = "<group>";
		};
		35D6486822ECBE4600015352 /* Views */ = {
			isa = PBXGroup;
			children = (
				35D6486922ECBE5B00015352 /* AcctCellDesign.swift */,
				35D6486B22ECBE7100015352 /* ProductCell.swift */,
				35D6487022ECBEA700015352 /* CellLayout.swift */,
				35D6487422ECBEC700015352 /* ItemLayout.swift */,
				35D6487622ECBED700015352 /* settingsLayout.swift */,
				35D6487822ECBEE800015352 /* pantryCellLayout.swift */,
				35D6487A22ECBEFE00015352 /* ItemVCLayout.swift */,
				35D6487C22ECBF0D00015352 /* accountViews.swift */,
				353C12372301D0E3007DF3BB /* mealsCellLayout.swift */,
				353C12392305C20B007DF3BB /* ItemCellLayout.swift */,
				353C123B230CD74B007DF3BB /* pantryProductScreen.swift */,
				358C2C5423BFBAC10013EE64 /* ProductsView.swift */,
				35C3A35723C58E3500E12747 /* listViews.swift */,
			);
			path = Views;
			sourceTree = "<group>";
		};
		35D6487E22ECBF2300015352 /* Services */ = {
			isa = PBXGroup;
			children = (
				35D6488E22ECBFD200015352 /* FirebaseFiles.swift */,
				351B8DF22342CA17006CEAE1 /* API.swift */,
				351B8DF42342F10A006CEAE1 /* imageText.swift */,
			);
			path = Services;
			sourceTree = "<group>";
		};
		35D6488322ECBF5800015352 /* Model */ = {
			isa = PBXGroup;
			children = (
				35D6488422ECBF6300015352 /* DynamicAttributes.swift */,
				35D6488622ECBF7300015352 /* Products.swift */,
				35D6488822ECBF8600015352 /* PantryDataModel.swift */,
			);
			path = Model;
			sourceTree = "<group>";
		};
		35D6488A22ECBF9300015352 /* Camera */ = {
			isa = PBXGroup;
			children = (
				357B35EF23A9DDEA00223F51 /* camera.swift */,
				357B35F123A9DE7000223F51 /* camController.swift */,
				357B35F323A9DE8E00223F51 /* photoCaptureDelegate.swift */,
				3591FBCC23BAD29700C410CF /* camViewController.swift */,
				3591FBCE23BADA9100C410CF /* OCR.swift */,
				358C2C5023BB00110013EE64 /* imageVCRecipt.swift */,
			);
			path = Camera;
			sourceTree = "<group>";
		};
		35D6489022ECBFDD00015352 /* TableViewControllers */ = {
			isa = PBXGroup;
			children = (
				35D6489122ECBFFD00015352 /* FriendsLayout.swift */,
				35D6489322ECC01400015352 /* SettingTVC.swift */,
				35D6486022ECBDEF00015352 /* settingVC.swift */,
				351B8DF62343C215006CEAE1 /* ListTVC.swift */,
			);
			path = TableViewControllers;
			sourceTree = "<group>";
		};
		CF1060BDE40AB13353C161FE /* Pods */ = {
			isa = PBXGroup;
			children = (
				A58BFA409D4C4787278BC2BF /* Pods-Adem.debug.xcconfig */,
				187913B8C17B384F222CAF49 /* Pods-Adem.release.xcconfig */,
				0A54AFA40FFA6A5351829C21 /* Pods-AdemTests.debug.xcconfig */,
				3094CA93057F1C3C582F7E2E /* Pods-AdemTests.release.xcconfig */,
				641E0606A6B657153B72FDF6 /* Pods-AdemUITests.debug.xcconfig */,
				B2E821B510DD9161ACACCA06 /* Pods-AdemUITests.release.xcconfig */,
			);
			path = Pods;
			sourceTree = "<group>";
		};
/* End PBXGroup section */

/* Begin PBXNativeTarget section */
		35D647F422ECBABA00015352 /* Adem */ = {
			isa = PBXNativeTarget;
			buildConfigurationList = 35D6482022ECBABB00015352 /* Build configuration list for PBXNativeTarget "Adem" */;
			buildPhases = (
				0778BBFC6A9A65ED82954B08 /* [CP] Check Pods Manifest.lock */,
				35D647F122ECBABA00015352 /* Sources */,
				35D647F222ECBABA00015352 /* Frameworks */,
				35D647F322ECBABA00015352 /* Resources */,
				FE08B3D797C25CA74F3CE95A /* [CP] Embed Pods Frameworks */,
				FCF38CC99B63BA11494E3A73 /* [CP] Copy Pods Resources */,
			);
			buildRules = (
			);
			dependencies = (
			);
			name = Adem;
			productName = Adem;
			productReference = 35D647F522ECBABA00015352 /* Adem.app */;
			productType = "com.apple.product-type.application";
		};
		35D6480B22ECBABB00015352 /* AdemTests */ = {
			isa = PBXNativeTarget;
			buildConfigurationList = 35D6482322ECBABB00015352 /* Build configuration list for PBXNativeTarget "AdemTests" */;
			buildPhases = (
				AC4D65D62AA0301381F069CA /* [CP] Check Pods Manifest.lock */,
				35D6480822ECBABB00015352 /* Sources */,
				35D6480922ECBABB00015352 /* Frameworks */,
				35D6480A22ECBABB00015352 /* Resources */,
			);
			buildRules = (
			);
			dependencies = (
				35D6480E22ECBABB00015352 /* PBXTargetDependency */,
			);
			name = AdemTests;
			productName = AdemTests;
			productReference = 35D6480C22ECBABB00015352 /* AdemTests.xctest */;
			productType = "com.apple.product-type.bundle.unit-test";
		};
		35D6481622ECBABB00015352 /* AdemUITests */ = {
			isa = PBXNativeTarget;
			buildConfigurationList = 35D6482622ECBABB00015352 /* Build configuration list for PBXNativeTarget "AdemUITests" */;
			buildPhases = (
				96FEFB68BE20978521518111 /* [CP] Check Pods Manifest.lock */,
				35D6481322ECBABB00015352 /* Sources */,
				35D6481422ECBABB00015352 /* Frameworks */,
				35D6481522ECBABB00015352 /* Resources */,
			);
			buildRules = (
			);
			dependencies = (
				35D6481922ECBABB00015352 /* PBXTargetDependency */,
			);
			name = AdemUITests;
			productName = AdemUITests;
			productReference = 35D6481722ECBABB00015352 /* AdemUITests.xctest */;
			productType = "com.apple.product-type.bundle.ui-testing";
		};
/* End PBXNativeTarget section */

/* Begin PBXProject section */
		35D647ED22ECBABA00015352 /* Project object */ = {
			isa = PBXProject;
			attributes = {
				LastSwiftUpdateCheck = 1020;
				LastUpgradeCheck = 1020;
				ORGANIZATIONNAME = "Coleman Coats";
				TargetAttributes = {
					35D647F422ECBABA00015352 = {
						CreatedOnToolsVersion = 10.2.1;
						SystemCapabilities = {
							com.apple.Keychain = {
								enabled = 1;
							};
						};
					};
					35D6480B22ECBABB00015352 = {
						CreatedOnToolsVersion = 10.2.1;
						TestTargetID = 35D647F422ECBABA00015352;
					};
					35D6481622ECBABB00015352 = {
						CreatedOnToolsVersion = 10.2.1;
						TestTargetID = 35D647F422ECBABA00015352;
					};
				};
			};
			buildConfigurationList = 35D647F022ECBABA00015352 /* Build configuration list for PBXProject "Adem" */;
			compatibilityVersion = "Xcode 9.3";
			developmentRegion = en;
			hasScannedForEncodings = 0;
			knownRegions = (
				en,
				Base,
			);
			mainGroup = 35D647EC22ECBABA00015352;
			productRefGroup = 35D647F622ECBABA00015352 /* Products */;
			projectDirPath = "";
			projectRoot = "";
			targets = (
				35D647F422ECBABA00015352 /* Adem */,
				35D6480B22ECBABB00015352 /* AdemTests */,
				35D6481622ECBABB00015352 /* AdemUITests */,
			);
		};
/* End PBXProject section */

/* Begin PBXResourcesBuildPhase section */
		35D647F322ECBABA00015352 /* Resources */ = {
			isa = PBXResourcesBuildPhase;
			buildActionMask = 2147483647;
			files = (
				35D6480622ECBABB00015352 /* LaunchScreen.storyboard in Resources */,
				35D6489A22ECF8CC00015352 /* GoogleService-Info.plist in Resources */,
				35D6480322ECBABB00015352 /* Assets.xcassets in Resources */,
				35D647FE22ECBABA00015352 /* Main.storyboard in Resources */,
			);
			runOnlyForDeploymentPostprocessing = 0;
		};
		35D6480A22ECBABB00015352 /* Resources */ = {
			isa = PBXResourcesBuildPhase;
			buildActionMask = 2147483647;
			files = (
			);
			runOnlyForDeploymentPostprocessing = 0;
		};
		35D6481522ECBABB00015352 /* Resources */ = {
			isa = PBXResourcesBuildPhase;
			buildActionMask = 2147483647;
			files = (
			);
			runOnlyForDeploymentPostprocessing = 0;
		};
/* End PBXResourcesBuildPhase section */

/* Begin PBXShellScriptBuildPhase section */
		0778BBFC6A9A65ED82954B08 /* [CP] Check Pods Manifest.lock */ = {
			isa = PBXShellScriptBuildPhase;
			buildActionMask = 2147483647;
			files = (
			);
			inputFileListPaths = (
			);
			inputPaths = (
				"${PODS_PODFILE_DIR_PATH}/Podfile.lock",
				"${PODS_ROOT}/Manifest.lock",
			);
			name = "[CP] Check Pods Manifest.lock";
			outputFileListPaths = (
			);
			outputPaths = (
				"$(DERIVED_FILE_DIR)/Pods-Adem-checkManifestLockResult.txt",
			);
			runOnlyForDeploymentPostprocessing = 0;
			shellPath = /bin/sh;
			shellScript = "diff \"${PODS_PODFILE_DIR_PATH}/Podfile.lock\" \"${PODS_ROOT}/Manifest.lock\" > /dev/null\nif [ $? != 0 ] ; then\n    # print error to STDERR\n    echo \"error: The sandbox is not in sync with the Podfile.lock. Run 'pod install' or update your CocoaPods installation.\" >&2\n    exit 1\nfi\n# This output is used by Xcode 'outputs' to avoid re-running this script phase.\necho \"SUCCESS\" > \"${SCRIPT_OUTPUT_FILE_0}\"\n";
			showEnvVarsInLog = 0;
		};
		96FEFB68BE20978521518111 /* [CP] Check Pods Manifest.lock */ = {
			isa = PBXShellScriptBuildPhase;
			buildActionMask = 2147483647;
			files = (
			);
			inputFileListPaths = (
			);
			inputPaths = (
				"${PODS_PODFILE_DIR_PATH}/Podfile.lock",
				"${PODS_ROOT}/Manifest.lock",
			);
			name = "[CP] Check Pods Manifest.lock";
			outputFileListPaths = (
			);
			outputPaths = (
				"$(DERIVED_FILE_DIR)/Pods-AdemUITests-checkManifestLockResult.txt",
			);
			runOnlyForDeploymentPostprocessing = 0;
			shellPath = /bin/sh;
			shellScript = "diff \"${PODS_PODFILE_DIR_PATH}/Podfile.lock\" \"${PODS_ROOT}/Manifest.lock\" > /dev/null\nif [ $? != 0 ] ; then\n    # print error to STDERR\n    echo \"error: The sandbox is not in sync with the Podfile.lock. Run 'pod install' or update your CocoaPods installation.\" >&2\n    exit 1\nfi\n# This output is used by Xcode 'outputs' to avoid re-running this script phase.\necho \"SUCCESS\" > \"${SCRIPT_OUTPUT_FILE_0}\"\n";
			showEnvVarsInLog = 0;
		};
		AC4D65D62AA0301381F069CA /* [CP] Check Pods Manifest.lock */ = {
			isa = PBXShellScriptBuildPhase;
			buildActionMask = 2147483647;
			files = (
			);
			inputFileListPaths = (
			);
			inputPaths = (
				"${PODS_PODFILE_DIR_PATH}/Podfile.lock",
				"${PODS_ROOT}/Manifest.lock",
			);
			name = "[CP] Check Pods Manifest.lock";
			outputFileListPaths = (
			);
			outputPaths = (
				"$(DERIVED_FILE_DIR)/Pods-AdemTests-checkManifestLockResult.txt",
			);
			runOnlyForDeploymentPostprocessing = 0;
			shellPath = /bin/sh;
			shellScript = "diff \"${PODS_PODFILE_DIR_PATH}/Podfile.lock\" \"${PODS_ROOT}/Manifest.lock\" > /dev/null\nif [ $? != 0 ] ; then\n    # print error to STDERR\n    echo \"error: The sandbox is not in sync with the Podfile.lock. Run 'pod install' or update your CocoaPods installation.\" >&2\n    exit 1\nfi\n# This output is used by Xcode 'outputs' to avoid re-running this script phase.\necho \"SUCCESS\" > \"${SCRIPT_OUTPUT_FILE_0}\"\n";
			showEnvVarsInLog = 0;
		};
		FCF38CC99B63BA11494E3A73 /* [CP] Copy Pods Resources */ = {
			isa = PBXShellScriptBuildPhase;
			buildActionMask = 2147483647;
			files = (
			);
			inputFileListPaths = (
				"${PODS_ROOT}/Target Support Files/Pods-Adem/Pods-Adem-resources-${CONFIGURATION}-input-files.xcfilelist",
			);
			name = "[CP] Copy Pods Resources";
			outputFileListPaths = (
				"${PODS_ROOT}/Target Support Files/Pods-Adem/Pods-Adem-resources-${CONFIGURATION}-output-files.xcfilelist",
			);
			runOnlyForDeploymentPostprocessing = 0;
			shellPath = /bin/sh;
			shellScript = "\"${PODS_ROOT}/Target Support Files/Pods-Adem/Pods-Adem-resources.sh\"\n";
			showEnvVarsInLog = 0;
		};
		FE08B3D797C25CA74F3CE95A /* [CP] Embed Pods Frameworks */ = {
			isa = PBXShellScriptBuildPhase;
			buildActionMask = 2147483647;
			files = (
			);
			inputFileListPaths = (
				"${PODS_ROOT}/Target Support Files/Pods-Adem/Pods-Adem-frameworks-${CONFIGURATION}-input-files.xcfilelist",
			);
			name = "[CP] Embed Pods Frameworks";
			outputFileListPaths = (
				"${PODS_ROOT}/Target Support Files/Pods-Adem/Pods-Adem-frameworks-${CONFIGURATION}-output-files.xcfilelist",
			);
			runOnlyForDeploymentPostprocessing = 0;
			shellPath = /bin/sh;
			shellScript = "\"${PODS_ROOT}/Target Support Files/Pods-Adem/Pods-Adem-frameworks.sh\"\n";
			showEnvVarsInLog = 0;
		};
/* End PBXShellScriptBuildPhase section */

/* Begin PBXSourcesBuildPhase section */
		35D647F122ECBABA00015352 /* Sources */ = {
			isa = PBXSourcesBuildPhase;
			buildActionMask = 2147483647;
			files = (
				35D6488722ECBF7300015352 /* Products.swift in Sources */,
				35D6483B22ECBC2300015352 /* Circle Trasition.swift in Sources */,
				35D6486122ECBDEF00015352 /* settingVC.swift in Sources */,
				35D6484722ECBCBA00015352 /* Design.Elements.swift in Sources */,
				35D6487722ECBED700015352 /* settingsLayout.swift in Sources */,
				353C123A2305C20B007DF3BB /* ItemCellLayout.swift in Sources */,
				357B35F223A9DE7000223F51 /* camController.swift in Sources */,
				35D6480122ECBABA00015352 /* Adem.xcdatamodeld in Sources */,
				353C12382301D0E3007DF3BB /* mealsCellLayout.swift in Sources */,
				351B8DF72343C215006CEAE1 /* ListTVC.swift in Sources */,
				35D6489222ECBFFD00015352 /* FriendsLayout.swift in Sources */,
				35D6483722ECBBF300015352 /* Custom Alert.swift in Sources */,
				35D6482F22ECBB1500015352 /* productCell.swift in Sources */,
				35C3A35823C58E3500E12747 /* listViews.swift in Sources */,
				35D6482B22ECBAE800015352 /* TableViewTest.swift in Sources */,
				35D6487922ECBEE800015352 /* pantryCellLayout.swift in Sources */,
				35D6484C22ECBCEB00015352 /* Delete cell extension.swift in Sources */,
				35D6486A22ECBE5B00015352 /* AcctCellDesign.swift in Sources */,
				35D6489422ECC01400015352 /* SettingTVC.swift in Sources */,
				35D647FB22ECBABA00015352 /* ViewController.swift in Sources */,
				35D6488F22ECBFD200015352 /* FirebaseFiles.swift in Sources */,
				35D6485B22ECBDBA00015352 /* AccountVC.swift in Sources */,
				35FDD16A23C4102200A85023 /* listProduct.swift in Sources */,
				35D6487522ECBEC700015352 /* ItemLayout.swift in Sources */,
				3591FBCF23BADA9100C410CF /* OCR.swift in Sources */,
				35D6483D22ECBC3900015352 /* CircleTransition.swift in Sources */,
				353C123C230CD74B007DF3BB /* pantryProductScreen.swift in Sources */,
				35D6486C22ECBE7100015352 /* ProductCell.swift in Sources */,
				35D6483422ECBB4600015352 /* profileVC.swift in Sources */,
				35D6484922ECBCCC00015352 /* AppDelegateUserLogin.swift in Sources */,
				35D6485922ECBDA300015352 /* Meals.swift in Sources */,
				35D6487B22ECBEFE00015352 /* ItemVCLayout.swift in Sources */,
				35D6483222ECBB3500015352 /* AccountVCOld.swift in Sources */,
				35D6484522ECBCA700015352 /* Color.swift in Sources */,
				358C2C5523BFBAC10013EE64 /* ProductsView.swift in Sources */,
				35D6484E22ECBD1300015352 /* toolBar.swift in Sources */,
				35D6488922ECBF8600015352 /* PantryDataModel.swift in Sources */,
				351B8DF32342CA17006CEAE1 /* API.swift in Sources */,
				35D6488522ECBF6300015352 /* DynamicAttributes.swift in Sources */,
				3591FBCD23BAD29700C410CF /* camViewController.swift in Sources */,
				35D6482D22ECBB0300015352 /* TestingAccount.swift in Sources */,
				35D6484222ECBC8600015352 /* SignUpInfo.swift in Sources */,
				35DE93B4234AC37A000B2BE8 /* circularProgressBar.swift in Sources */,
				35D6486F22ECBE9500015352 /* tabBar.swift in Sources */,
				35D6487122ECBEA700015352 /* CellLayout.swift in Sources */,
				35D6486322ECBE0200015352 /* SearchVC.swift in Sources */,
				35D6485722ECBD8700015352 /* PantryVC.swift in Sources */,
				357B35F423A9DE8E00223F51 /* photoCaptureDelegate.swift in Sources */,
				35D6487D22ECBF0D00015352 /* accountViews.swift in Sources */,
				35D6485322ECBD5D00015352 /* ListVC.swift in Sources */,
				35D6483F22ECBC4E00015352 /* swipe.swift in Sources */,
				357B35F023A9DDEA00223F51 /* camera.swift in Sources */,
				35D6485D22ECBDC900015352 /* tabController.swift in Sources */,
				351B8DF52342F10A006CEAE1 /* imageText.swift in Sources */,
				35D6487322ECBEB900015352 /* AcctElements.swift in Sources */,
				357B35EE23A9CFC100223F51 /* continuedInfo.swift in Sources */,
				35D647F922ECBABA00015352 /* AppDelegate.swift in Sources */,
				35D6485522ECBD7400015352 /* ItemVC.swift in Sources */,
				358C2C5123BB00110013EE64 /* imageVCRecipt.swift in Sources */,
				35D6485122ECBD4E00015352 /* Login Screen.swift in Sources */,
				358C2C5323BE68920013EE64 /* accountComponents.swift in Sources */,
			);
			runOnlyForDeploymentPostprocessing = 0;
		};
		35D6480822ECBABB00015352 /* Sources */ = {
			isa = PBXSourcesBuildPhase;
			buildActionMask = 2147483647;
			files = (
				35D6481122ECBABB00015352 /* AdemTests.swift in Sources */,
			);
			runOnlyForDeploymentPostprocessing = 0;
		};
		35D6481322ECBABB00015352 /* Sources */ = {
			isa = PBXSourcesBuildPhase;
			buildActionMask = 2147483647;
			files = (
				35D6481C22ECBABB00015352 /* AdemUITests.swift in Sources */,
			);
			runOnlyForDeploymentPostprocessing = 0;
		};
/* End PBXSourcesBuildPhase section */

/* Begin PBXTargetDependency section */
		35D6480E22ECBABB00015352 /* PBXTargetDependency */ = {
			isa = PBXTargetDependency;
			target = 35D647F422ECBABA00015352 /* Adem */;
			targetProxy = 35D6480D22ECBABB00015352 /* PBXContainerItemProxy */;
		};
		35D6481922ECBABB00015352 /* PBXTargetDependency */ = {
			isa = PBXTargetDependency;
			target = 35D647F422ECBABA00015352 /* Adem */;
			targetProxy = 35D6481822ECBABB00015352 /* PBXContainerItemProxy */;
		};
/* End PBXTargetDependency section */

/* Begin PBXVariantGroup section */
		35D647FC22ECBABA00015352 /* Main.storyboard */ = {
			isa = PBXVariantGroup;
			children = (
				35D647FD22ECBABA00015352 /* Base */,
			);
			name = Main.storyboard;
			sourceTree = "<group>";
		};
		35D6480422ECBABB00015352 /* LaunchScreen.storyboard */ = {
			isa = PBXVariantGroup;
			children = (
				35D6480522ECBABB00015352 /* Base */,
			);
			name = LaunchScreen.storyboard;
			sourceTree = "<group>";
		};
/* End PBXVariantGroup section */

/* Begin XCBuildConfiguration section */
		35D6481E22ECBABB00015352 /* Debug */ = {
			isa = XCBuildConfiguration;
			buildSettings = {
				ALWAYS_SEARCH_USER_PATHS = NO;
				CLANG_ANALYZER_NONNULL = YES;
				CLANG_ANALYZER_NUMBER_OBJECT_CONVERSION = YES_AGGRESSIVE;
				CLANG_CXX_LANGUAGE_STANDARD = "gnu++14";
				CLANG_CXX_LIBRARY = "libc++";
				CLANG_ENABLE_MODULES = YES;
				CLANG_ENABLE_OBJC_ARC = YES;
				CLANG_ENABLE_OBJC_WEAK = YES;
				CLANG_WARN_BLOCK_CAPTURE_AUTORELEASING = YES;
				CLANG_WARN_BOOL_CONVERSION = YES;
				CLANG_WARN_COMMA = YES;
				CLANG_WARN_CONSTANT_CONVERSION = YES;
				CLANG_WARN_DEPRECATED_OBJC_IMPLEMENTATIONS = YES;
				CLANG_WARN_DIRECT_OBJC_ISA_USAGE = YES_ERROR;
				CLANG_WARN_DOCUMENTATION_COMMENTS = YES;
				CLANG_WARN_EMPTY_BODY = YES;
				CLANG_WARN_ENUM_CONVERSION = YES;
				CLANG_WARN_INFINITE_RECURSION = YES;
				CLANG_WARN_INT_CONVERSION = YES;
				CLANG_WARN_NON_LITERAL_NULL_CONVERSION = YES;
				CLANG_WARN_OBJC_IMPLICIT_RETAIN_SELF = YES;
				CLANG_WARN_OBJC_LITERAL_CONVERSION = YES;
				CLANG_WARN_OBJC_ROOT_CLASS = YES_ERROR;
				CLANG_WARN_RANGE_LOOP_ANALYSIS = YES;
				CLANG_WARN_STRICT_PROTOTYPES = YES;
				CLANG_WARN_SUSPICIOUS_MOVE = YES;
				CLANG_WARN_UNGUARDED_AVAILABILITY = YES_AGGRESSIVE;
				CLANG_WARN_UNREACHABLE_CODE = YES;
				CLANG_WARN__DUPLICATE_METHOD_MATCH = YES;
				CODE_SIGN_IDENTITY = "iPhone Developer";
				COPY_PHASE_STRIP = NO;
				DEBUG_INFORMATION_FORMAT = dwarf;
				ENABLE_STRICT_OBJC_MSGSEND = YES;
				ENABLE_TESTABILITY = YES;
				GCC_C_LANGUAGE_STANDARD = gnu11;
				GCC_DYNAMIC_NO_PIC = NO;
				GCC_NO_COMMON_BLOCKS = YES;
				GCC_OPTIMIZATION_LEVEL = 0;
				GCC_PREPROCESSOR_DEFINITIONS = (
					"DEBUG=1",
					"$(inherited)",
				);
				GCC_WARN_64_TO_32_BIT_CONVERSION = YES;
				GCC_WARN_ABOUT_RETURN_TYPE = YES_ERROR;
				GCC_WARN_UNDECLARED_SELECTOR = YES;
				GCC_WARN_UNINITIALIZED_AUTOS = YES_AGGRESSIVE;
				GCC_WARN_UNUSED_FUNCTION = YES;
				GCC_WARN_UNUSED_VARIABLE = YES;
				IPHONEOS_DEPLOYMENT_TARGET = 12.2;
				MTL_ENABLE_DEBUG_INFO = INCLUDE_SOURCE;
				MTL_FAST_MATH = YES;
				ONLY_ACTIVE_ARCH = YES;
				SDKROOT = iphoneos;
				SWIFT_ACTIVE_COMPILATION_CONDITIONS = DEBUG;
				SWIFT_OPTIMIZATION_LEVEL = "-Onone";
			};
			name = Debug;
		};
		35D6481F22ECBABB00015352 /* Release */ = {
			isa = XCBuildConfiguration;
			buildSettings = {
				ALWAYS_SEARCH_USER_PATHS = NO;
				CLANG_ANALYZER_NONNULL = YES;
				CLANG_ANALYZER_NUMBER_OBJECT_CONVERSION = YES_AGGRESSIVE;
				CLANG_CXX_LANGUAGE_STANDARD = "gnu++14";
				CLANG_CXX_LIBRARY = "libc++";
				CLANG_ENABLE_MODULES = YES;
				CLANG_ENABLE_OBJC_ARC = YES;
				CLANG_ENABLE_OBJC_WEAK = YES;
				CLANG_WARN_BLOCK_CAPTURE_AUTORELEASING = YES;
				CLANG_WARN_BOOL_CONVERSION = YES;
				CLANG_WARN_COMMA = YES;
				CLANG_WARN_CONSTANT_CONVERSION = YES;
				CLANG_WARN_DEPRECATED_OBJC_IMPLEMENTATIONS = YES;
				CLANG_WARN_DIRECT_OBJC_ISA_USAGE = YES_ERROR;
				CLANG_WARN_DOCUMENTATION_COMMENTS = YES;
				CLANG_WARN_EMPTY_BODY = YES;
				CLANG_WARN_ENUM_CONVERSION = YES;
				CLANG_WARN_INFINITE_RECURSION = YES;
				CLANG_WARN_INT_CONVERSION = YES;
				CLANG_WARN_NON_LITERAL_NULL_CONVERSION = YES;
				CLANG_WARN_OBJC_IMPLICIT_RETAIN_SELF = YES;
				CLANG_WARN_OBJC_LITERAL_CONVERSION = YES;
				CLANG_WARN_OBJC_ROOT_CLASS = YES_ERROR;
				CLANG_WARN_RANGE_LOOP_ANALYSIS = YES;
				CLANG_WARN_STRICT_PROTOTYPES = YES;
				CLANG_WARN_SUSPICIOUS_MOVE = YES;
				CLANG_WARN_UNGUARDED_AVAILABILITY = YES_AGGRESSIVE;
				CLANG_WARN_UNREACHABLE_CODE = YES;
				CLANG_WARN__DUPLICATE_METHOD_MATCH = YES;
				CODE_SIGN_IDENTITY = "iPhone Developer";
				COPY_PHASE_STRIP = NO;
				DEBUG_INFORMATION_FORMAT = "dwarf-with-dsym";
				ENABLE_NS_ASSERTIONS = NO;
				ENABLE_STRICT_OBJC_MSGSEND = YES;
				GCC_C_LANGUAGE_STANDARD = gnu11;
				GCC_NO_COMMON_BLOCKS = YES;
				GCC_WARN_64_TO_32_BIT_CONVERSION = YES;
				GCC_WARN_ABOUT_RETURN_TYPE = YES_ERROR;
				GCC_WARN_UNDECLARED_SELECTOR = YES;
				GCC_WARN_UNINITIALIZED_AUTOS = YES_AGGRESSIVE;
				GCC_WARN_UNUSED_FUNCTION = YES;
				GCC_WARN_UNUSED_VARIABLE = YES;
				IPHONEOS_DEPLOYMENT_TARGET = 12.2;
				MTL_ENABLE_DEBUG_INFO = NO;
				MTL_FAST_MATH = YES;
				SDKROOT = iphoneos;
				SWIFT_COMPILATION_MODE = wholemodule;
				SWIFT_OPTIMIZATION_LEVEL = "-O";
				VALIDATE_PRODUCT = YES;
			};
			name = Release;
		};
		35D6482122ECBABB00015352 /* Debug */ = {
			isa = XCBuildConfiguration;
			baseConfigurationReference = A58BFA409D4C4787278BC2BF /* Pods-Adem.debug.xcconfig */;
			buildSettings = {
				ASSETCATALOG_COMPILER_APPICON_NAME = AppIcon;
				CODE_SIGN_ENTITLEMENTS = Adem/Adem.entitlements;
				CODE_SIGN_STYLE = Automatic;
				DEVELOPMENT_TEAM = N372M2L25B;
				INFOPLIST_FILE = Adem/Info.plist;
				LD_RUNPATH_SEARCH_PATHS = (
					"$(inherited)",
					"@executable_path/Frameworks",
				);
				PRODUCT_BUNDLE_IDENTIFIER = Adem.co.Adem;
				PRODUCT_NAME = "$(TARGET_NAME)";
				SWIFT_VERSION = 5.0;
				TARGETED_DEVICE_FAMILY = "1,2";
			};
			name = Debug;
		};
		35D6482222ECBABB00015352 /* Release */ = {
			isa = XCBuildConfiguration;
			baseConfigurationReference = 187913B8C17B384F222CAF49 /* Pods-Adem.release.xcconfig */;
			buildSettings = {
				ASSETCATALOG_COMPILER_APPICON_NAME = AppIcon;
				CODE_SIGN_ENTITLEMENTS = Adem/Adem.entitlements;
				CODE_SIGN_STYLE = Automatic;
				DEVELOPMENT_TEAM = N372M2L25B;
				INFOPLIST_FILE = Adem/Info.plist;
				LD_RUNPATH_SEARCH_PATHS = (
					"$(inherited)",
					"@executable_path/Frameworks",
				);
				PRODUCT_BUNDLE_IDENTIFIER = Adem.co.Adem;
				PRODUCT_NAME = "$(TARGET_NAME)";
				SWIFT_VERSION = 5.0;
				TARGETED_DEVICE_FAMILY = "1,2";
			};
			name = Release;
		};
		35D6482422ECBABB00015352 /* Debug */ = {
			isa = XCBuildConfiguration;
			baseConfigurationReference = 0A54AFA40FFA6A5351829C21 /* Pods-AdemTests.debug.xcconfig */;
			buildSettings = {
				ALWAYS_EMBED_SWIFT_STANDARD_LIBRARIES = YES;
				BUNDLE_LOADER = "$(TEST_HOST)";
				CODE_SIGN_STYLE = Automatic;
				DEVELOPMENT_TEAM = N372M2L25B;
				INFOPLIST_FILE = AdemTests/Info.plist;
				LD_RUNPATH_SEARCH_PATHS = (
					"$(inherited)",
					"@executable_path/Frameworks",
					"@loader_path/Frameworks",
				);
				PRODUCT_BUNDLE_IDENTIFIER = Adem.co.AdemTests;
				PRODUCT_NAME = "$(TARGET_NAME)";
				SWIFT_VERSION = 5.0;
				TARGETED_DEVICE_FAMILY = "1,2";
				TEST_HOST = "$(BUILT_PRODUCTS_DIR)/Adem.app/Adem";
			};
			name = Debug;
		};
		35D6482522ECBABB00015352 /* Release */ = {
			isa = XCBuildConfiguration;
			baseConfigurationReference = 3094CA93057F1C3C582F7E2E /* Pods-AdemTests.release.xcconfig */;
			buildSettings = {
				ALWAYS_EMBED_SWIFT_STANDARD_LIBRARIES = YES;
				BUNDLE_LOADER = "$(TEST_HOST)";
				CODE_SIGN_STYLE = Automatic;
				DEVELOPMENT_TEAM = N372M2L25B;
				INFOPLIST_FILE = AdemTests/Info.plist;
				LD_RUNPATH_SEARCH_PATHS = (
					"$(inherited)",
					"@executable_path/Frameworks",
					"@loader_path/Frameworks",
				);
				PRODUCT_BUNDLE_IDENTIFIER = Adem.co.AdemTests;
				PRODUCT_NAME = "$(TARGET_NAME)";
				SWIFT_VERSION = 5.0;
				TARGETED_DEVICE_FAMILY = "1,2";
				TEST_HOST = "$(BUILT_PRODUCTS_DIR)/Adem.app/Adem";
			};
			name = Release;
		};
		35D6482722ECBABB00015352 /* Debug */ = {
			isa = XCBuildConfiguration;
			baseConfigurationReference = 641E0606A6B657153B72FDF6 /* Pods-AdemUITests.debug.xcconfig */;
			buildSettings = {
				ALWAYS_EMBED_SWIFT_STANDARD_LIBRARIES = YES;
				CODE_SIGN_STYLE = Automatic;
				DEVELOPMENT_TEAM = N372M2L25B;
				INFOPLIST_FILE = AdemUITests/Info.plist;
				LD_RUNPATH_SEARCH_PATHS = (
					"$(inherited)",
					"@executable_path/Frameworks",
					"@loader_path/Frameworks",
				);
				PRODUCT_BUNDLE_IDENTIFIER = Adem.co.AdemUITests;
				PRODUCT_NAME = "$(TARGET_NAME)";
				SWIFT_VERSION = 5.0;
				TARGETED_DEVICE_FAMILY = "1,2";
				TEST_TARGET_NAME = Adem;
			};
			name = Debug;
		};
		35D6482822ECBABB00015352 /* Release */ = {
			isa = XCBuildConfiguration;
			baseConfigurationReference = B2E821B510DD9161ACACCA06 /* Pods-AdemUITests.release.xcconfig */;
			buildSettings = {
				ALWAYS_EMBED_SWIFT_STANDARD_LIBRARIES = YES;
				CODE_SIGN_STYLE = Automatic;
				DEVELOPMENT_TEAM = N372M2L25B;
				INFOPLIST_FILE = AdemUITests/Info.plist;
				LD_RUNPATH_SEARCH_PATHS = (
					"$(inherited)",
					"@executable_path/Frameworks",
					"@loader_path/Frameworks",
				);
				PRODUCT_BUNDLE_IDENTIFIER = Adem.co.AdemUITests;
				PRODUCT_NAME = "$(TARGET_NAME)";
				SWIFT_VERSION = 5.0;
				TARGETED_DEVICE_FAMILY = "1,2";
				TEST_TARGET_NAME = Adem;
			};
			name = Release;
		};
/* End XCBuildConfiguration section */

/* Begin XCConfigurationList section */
		35D647F022ECBABA00015352 /* Build configuration list for PBXProject "Adem" */ = {
			isa = XCConfigurationList;
			buildConfigurations = (
				35D6481E22ECBABB00015352 /* Debug */,
				35D6481F22ECBABB00015352 /* Release */,
			);
			defaultConfigurationIsVisible = 0;
			defaultConfigurationName = Release;
		};
		35D6482022ECBABB00015352 /* Build configuration list for PBXNativeTarget "Adem" */ = {
			isa = XCConfigurationList;
			buildConfigurations = (
				35D6482122ECBABB00015352 /* Debug */,
				35D6482222ECBABB00015352 /* Release */,
			);
			defaultConfigurationIsVisible = 0;
			defaultConfigurationName = Release;
		};
		35D6482322ECBABB00015352 /* Build configuration list for PBXNativeTarget "AdemTests" */ = {
			isa = XCConfigurationList;
			buildConfigurations = (
				35D6482422ECBABB00015352 /* Debug */,
				35D6482522ECBABB00015352 /* Release */,
			);
			defaultConfigurationIsVisible = 0;
			defaultConfigurationName = Release;
		};
		35D6482622ECBABB00015352 /* Build configuration list for PBXNativeTarget "AdemUITests" */ = {
			isa = XCConfigurationList;
			buildConfigurations = (
				35D6482722ECBABB00015352 /* Debug */,
				35D6482822ECBABB00015352 /* Release */,
			);
			defaultConfigurationIsVisible = 0;
			defaultConfigurationName = Release;
		};
/* End XCConfigurationList section */

/* Begin XCVersionGroup section */
		35D647FF22ECBABA00015352 /* Adem.xcdatamodeld */ = {
			isa = XCVersionGroup;
			children = (
				35D6480022ECBABA00015352 /* Adem.xcdatamodel */,
			);
			currentVersion = 35D6480022ECBABA00015352 /* Adem.xcdatamodel */;
			path = Adem.xcdatamodeld;
			sourceTree = "<group>";
			versionGroupType = wrapper.xcdatamodel;
		};
/* End XCVersionGroup section */
	};
	rootObject = 35D647ED22ECBABA00015352 /* Project object */;
}
